// !$*UTF8*$!
{
	archiveVersion = 1;
	classes = {
	};
	objectVersion = 46;
	objects = {

/* Begin PBXBuildFile section */
		0239F1D11C332D400008DEA4 /* CustomMissionViewController.swift in Sources */ = {isa = PBXBuildFile; fileRef = 0239F1CB1C332D400008DEA4 /* CustomMissionViewController.swift */; };
		0239F1D31C332D400008DEA4 /* DJICollectionViewCell.swift in Sources */ = {isa = PBXBuildFile; fileRef = 0239F1CD1C332D400008DEA4 /* DJICollectionViewCell.swift */; };
		0239F1D41C332D400008DEA4 /* DJICollectionViewCell.xib in Resources */ = {isa = PBXBuildFile; fileRef = 0239F1CE1C332D400008DEA4 /* DJICollectionViewCell.xib */; };
		0239F1D51C332D400008DEA4 /* DJIStepsCollectionView.swift in Sources */ = {isa = PBXBuildFile; fileRef = 0239F1CF1C332D400008DEA4 /* DJIStepsCollectionView.swift */; };
		0239F1D61C332D400008DEA4 /* DJIStepsCollectionView.xib in Resources */ = {isa = PBXBuildFile; fileRef = 0239F1D01C332D400008DEA4 /* DJIStepsCollectionView.xib */; };
		0239F2401C3336500008DEA4 /* DJIAnnotation.swift in Sources */ = {isa = PBXBuildFile; fileRef = 0239F2391C3336500008DEA4 /* DJIAnnotation.swift */; };
		0239F2411C3336500008DEA4 /* DJIAnnotationView.swift in Sources */ = {isa = PBXBuildFile; fileRef = 0239F23A1C3336500008DEA4 /* DJIAnnotationView.swift */; };
		0239F2421C3336500008DEA4 /* DJIPOIAnnotationView.swift in Sources */ = {isa = PBXBuildFile; fileRef = 0239F23B1C3336500008DEA4 /* DJIPOIAnnotationView.swift */; };
		0239F2431C3336500008DEA4 /* DJIMapView.swift in Sources */ = {isa = PBXBuildFile; fileRef = 0239F23C1C3336500008DEA4 /* DJIMapView.swift */; };
		0239F2491C333DA30008DEA4 /* DJIBaseViewController.swift in Sources */ = {isa = PBXBuildFile; fileRef = 0239F2471C333DA30008DEA4 /* DJIBaseViewController.swift */; };
		0239F2501C338C660008DEA4 /* DJIWaypointAnnotation.swift in Sources */ = {isa = PBXBuildFile; fileRef = 0239F24E1C338C660008DEA4 /* DJIWaypointAnnotation.swift */; };
		0239F2511C338C660008DEA4 /* DJIWaypointAnnotationView.swift in Sources */ = {isa = PBXBuildFile; fileRef = 0239F24F1C338C660008DEA4 /* DJIWaypointAnnotationView.swift */; };
		0239F2541C338C740008DEA4 /* DJIAircraftAnnotation.swift in Sources */ = {isa = PBXBuildFile; fileRef = 0239F2521C338C740008DEA4 /* DJIAircraftAnnotation.swift */; };
		0239F2551C338C740008DEA4 /* DJIAircraftAnnotationView.swift in Sources */ = {isa = PBXBuildFile; fileRef = 0239F2531C338C740008DEA4 /* DJIAircraftAnnotationView.swift */; };
		0239F2781C3602AE0008DEA4 /* NavigationFollowMeViewController.swift in Sources */ = {isa = PBXBuildFile; fileRef = 0239F25A1C3602AE0008DEA4 /* NavigationFollowMeViewController.swift */; };
		0239F27C1C3602AE0008DEA4 /* HotPointConfigView.swift in Sources */ = {isa = PBXBuildFile; fileRef = 0239F25F1C3602AE0008DEA4 /* HotPointConfigView.swift */; };
		0239F27D1C3602AE0008DEA4 /* HotPointConfigView.xib in Resources */ = {isa = PBXBuildFile; fileRef = 0239F2601C3602AE0008DEA4 /* HotPointConfigView.xib */; };
		0239F27E1C3602AE0008DEA4 /* NavigationHotPointViewController.swift in Sources */ = {isa = PBXBuildFile; fileRef = 0239F2611C3602AE0008DEA4 /* NavigationHotPointViewController.swift */; };
		0239F2821C3602AE0008DEA4 /* NavigationIOCViewController.swift in Sources */ = {isa = PBXBuildFile; fileRef = 0239F2661C3602AE0008DEA4 /* NavigationIOCViewController.swift */; };
		0239F2841C3602AE0008DEA4 /* JoyStickView.swift in Sources */ = {isa = PBXBuildFile; fileRef = 0239F2691C3602AE0008DEA4 /* JoyStickView.swift */; };
		0239F2851C3602AE0008DEA4 /* NavigationJoystickViewController.swift in Sources */ = {isa = PBXBuildFile; fileRef = 0239F26A1C3602AE0008DEA4 /* NavigationJoystickViewController.swift */; };
		0239F2871C3602AE0008DEA4 /* PanoramaViewController.swift in Sources */ = {isa = PBXBuildFile; fileRef = 0239F26D1C3602AE0008DEA4 /* PanoramaViewController.swift */; };
		0239F2891C3602AE0008DEA4 /* NavigationWaypointActionView.swift in Sources */ = {isa = PBXBuildFile; fileRef = 0239F2701C3602AE0008DEA4 /* NavigationWaypointActionView.swift */; };
		0239F28A1C3602AE0008DEA4 /* NavigationWaypointActionView.xib in Resources */ = {isa = PBXBuildFile; fileRef = 0239F2711C3602AE0008DEA4 /* NavigationWaypointActionView.xib */; };
		0239F28B1C3602AE0008DEA4 /* NavigationWaypointConfigView.swift in Sources */ = {isa = PBXBuildFile; fileRef = 0239F2721C3602AE0008DEA4 /* NavigationWaypointConfigView.swift */; };
		0239F28C1C3602AE0008DEA4 /* NavigationWaypointConfigView.xib in Resources */ = {isa = PBXBuildFile; fileRef = 0239F2731C3602AE0008DEA4 /* NavigationWaypointConfigView.xib */; };
		0239F28D1C3602AE0008DEA4 /* NavigationWaypointMissionConfigView.swift in Sources */ = {isa = PBXBuildFile; fileRef = 0239F2741C3602AE0008DEA4 /* NavigationWaypointMissionConfigView.swift */; };
		0239F28E1C3602AE0008DEA4 /* NavigationWaypointMissionConfigView.xib in Resources */ = {isa = PBXBuildFile; fileRef = 0239F2751C3602AE0008DEA4 /* NavigationWaypointMissionConfigView.xib */; };
		0239F28F1C3602AE0008DEA4 /* NavigationWaypointViewController.swift in Sources */ = {isa = PBXBuildFile; fileRef = 0239F2761C3602AE0008DEA4 /* NavigationWaypointViewController.swift */; };
		0264D3E71C402CB0002313FE /* RebootWiFiViewController.swift in Sources */ = {isa = PBXBuildFile; fileRef = 0264D3E21C402CB0002313FE /* RebootWiFiViewController.swift */; };
		0264D3E81C402CB0002313FE /* RebootWiFiViewController.xib in Resources */ = {isa = PBXBuildFile; fileRef = 0264D3E31C402CB0002313FE /* RebootWiFiViewController.xib */; };
		0264D3E91C402CB0002313FE /* SetGetChannelViewController.swift in Sources */ = {isa = PBXBuildFile; fileRef = 0264D3E61C402CB0002313FE /* SetGetChannelViewController.swift */; };
		0264D3F51C402CC8002313FE /* RCActionsTableViewController.swift in Sources */ = {isa = PBXBuildFile; fileRef = 0264D3EC1C402CC8002313FE /* RCActionsTableViewController.swift */; };
		0264D3F61C402CC8002313FE /* RCHardwareStateViewController.swift in Sources */ = {isa = PBXBuildFile; fileRef = 0264D3EF1C402CC8002313FE /* RCHardwareStateViewController.swift */; };
		0264D3F71C402CC8002313FE /* RCHardwareStateViewController.xib in Resources */ = {isa = PBXBuildFile; fileRef = 0264D3F01C402CC8002313FE /* RCHardwareStateViewController.xib */; };
		0264D3F81C402CC8002313FE /* RCParingViewController.swift in Sources */ = {isa = PBXBuildFile; fileRef = 0264D3F31C402CC8002313FE /* RCParingViewController.swift */; };
		0264D3F91C402CC8002313FE /* RCParingViewController.xib in Resources */ = {isa = PBXBuildFile; fileRef = 0264D3F41C402CC8002313FE /* RCParingViewController.xib */; };
		0264D3FE1C403365002313FE /* FCGeneralControlViewController.swift in Sources */ = {isa = PBXBuildFile; fileRef = 0264D3FC1C403365002313FE /* FCGeneralControlViewController.swift */; };
		0264D3FF1C403365002313FE /* FCGeneralControlViewController.xib in Resources */ = {isa = PBXBuildFile; fileRef = 0264D3FD1C403365002313FE /* FCGeneralControlViewController.xib */; };
		0264D4091C40666D002313FE /* HandheldControllerActionsTableViewController.swift in Sources */ = {isa = PBXBuildFile; fileRef = 0264D4041C40666D002313FE /* HandheldControllerActionsTableViewController.swift */; };
		0264D40A1C40666D002313FE /* SleepModeViewController.swift in Sources */ = {isa = PBXBuildFile; fileRef = 0264D4071C40666D002313FE /* SleepModeViewController.swift */; };
		0264D40B1C40666D002313FE /* SleepModeViewController.xib in Resources */ = {isa = PBXBuildFile; fileRef = 0264D4081C40666D002313FE /* SleepModeViewController.xib */; };
		0264D4101C407DE2002313FE /* CameraFPVViewController.swift in Sources */ = {isa = PBXBuildFile; fileRef = 0264D40E1C407DE2002313FE /* CameraFPVViewController.swift */; };
		0264D4111C407DE2002313FE /* CameraFPVViewController.xib in Resources */ = {isa = PBXBuildFile; fileRef = 0264D40F1C407DE2002313FE /* CameraFPVViewController.xib */; };
		0271B3F11C3DF6900056DB2B /* AirLinkActionsTableViewController.swift in Sources */ = {isa = PBXBuildFile; fileRef = 0271B3DC1C3DF6900056DB2B /* AirLinkActionsTableViewController.swift */; };
		0271B3F21C3DF6900056DB2B /* WiFiLinkSSIDViewController.swift in Sources */ = {isa = PBXBuildFile; fileRef = 0271B3DE1C3DF6900056DB2B /* WiFiLinkSSIDViewController.swift */; };
		0271B3F31C3DF6900056DB2B /* FCCompassViewController.swift in Sources */ = {isa = PBXBuildFile; fileRef = 0271B3E11C3DF6900056DB2B /* FCCompassViewController.swift */; };
		0271B3F41C3DF6900056DB2B /* FCCompassViewController.xib in Resources */ = {isa = PBXBuildFile; fileRef = 0271B3E21C3DF6900056DB2B /* FCCompassViewController.xib */; };
		0271B3F51C3DF6900056DB2B /* FCActionsTableViewController.swift in Sources */ = {isa = PBXBuildFile; fileRef = 0271B3E31C3DF6900056DB2B /* FCActionsTableViewController.swift */; };
		0271B3F61C3DF6900056DB2B /* FCFlightLimitationViewController.swift in Sources */ = {isa = PBXBuildFile; fileRef = 0271B3E51C3DF6900056DB2B /* FCFlightLimitationViewController.swift */; };
		0271B3F71C3DF6900056DB2B /* FCFlightLimitationViewController.xib in Resources */ = {isa = PBXBuildFile; fileRef = 0271B3E61C3DF6900056DB2B /* FCFlightLimitationViewController.xib */; };
		0271B3F81C3DF6900056DB2B /* FCLandingGearViewController.swift in Sources */ = {isa = PBXBuildFile; fileRef = 0271B3E81C3DF6900056DB2B /* FCLandingGearViewController.swift */; };
		0271B3F91C3DF6900056DB2B /* FCLandingGearViewController.xib in Resources */ = {isa = PBXBuildFile; fileRef = 0271B3E91C3DF6900056DB2B /* FCLandingGearViewController.xib */; };
		0271B3FB1C3DF6900056DB2B /* FCOrientationViewController.xib in Resources */ = {isa = PBXBuildFile; fileRef = 0271B3EC1C3DF6900056DB2B /* FCOrientationViewController.xib */; };
		02D044081C974F0E007AD0C7 /* FCIntelligentAssistantViewController.swift in Sources */ = {isa = PBXBuildFile; fileRef = 02D044061C974F0E007AD0C7 /* FCIntelligentAssistantViewController.swift */; };
		02D044091C974F0E007AD0C7 /* FCIntelligentAssistantViewController.xib in Resources */ = {isa = PBXBuildFile; fileRef = 02D044071C974F0E007AD0C7 /* FCIntelligentAssistantViewController.xib */; };
		02D8CC141C3B418500D2106D /* BatteryActionsTableViewController.swift in Sources */ = {isa = PBXBuildFile; fileRef = 02D8CBE51C3B418500D2106D /* BatteryActionsTableViewController.swift */; };
		02D8CC151C3B418500D2106D /* BatterySelfDischargeViewController.swift in Sources */ = {isa = PBXBuildFile; fileRef = 02D8CBE71C3B418500D2106D /* BatterySelfDischargeViewController.swift */; };
		02D8CC161C3B418500D2106D /* CameraActionsTableViewController.swift in Sources */ = {isa = PBXBuildFile; fileRef = 02D8CBE91C3B418500D2106D /* CameraActionsTableViewController.swift */; };
		02D8CC171C3B418500D2106D /* CameraFetchMediaViewController.swift in Sources */ = {isa = PBXBuildFile; fileRef = 02D8CBEB1C3B418500D2106D /* CameraFetchMediaViewController.swift */; };
		02D8CC181C3B418500D2106D /* CameraFetchMediaViewController.xib in Resources */ = {isa = PBXBuildFile; fileRef = 02D8CBEC1C3B418500D2106D /* CameraFetchMediaViewController.xib */; };
		02D8CC191C3B418500D2106D /* CameraPlaybackCommandViewController.swift in Sources */ = {isa = PBXBuildFile; fileRef = 02D8CBEE1C3B418500D2106D /* CameraPlaybackCommandViewController.swift */; };
		02D8CC1A1C3B418500D2106D /* CameraPlaybackCommandViewController.xib in Resources */ = {isa = PBXBuildFile; fileRef = 02D8CBEF1C3B418500D2106D /* CameraPlaybackCommandViewController.xib */; };
		02D8CC1B1C3B418500D2106D /* CameraPlaybackDownloadViewController.swift in Sources */ = {isa = PBXBuildFile; fileRef = 02D8CBF11C3B418500D2106D /* CameraPlaybackDownloadViewController.swift */; };
		02D8CC1C1C3B418500D2106D /* CameraPlaybackDownloadViewController.xib in Resources */ = {isa = PBXBuildFile; fileRef = 02D8CBF21C3B418500D2106D /* CameraPlaybackDownloadViewController.xib */; };
		02D8CC1D1C3B418500D2106D /* CameraPlaybackPushInfoViewController.swift in Sources */ = {isa = PBXBuildFile; fileRef = 02D8CBF41C3B418500D2106D /* CameraPlaybackPushInfoViewController.swift */; };
		02D8CC1E1C3B418500D2106D /* CameraRecordVideoViewController.swift in Sources */ = {isa = PBXBuildFile; fileRef = 02D8CBF61C3B418500D2106D /* CameraRecordVideoViewController.swift */; };
		02D8CC1F1C3B418500D2106D /* CameraRecordVideoViewController.xib in Resources */ = {isa = PBXBuildFile; fileRef = 02D8CBF71C3B418500D2106D /* CameraRecordVideoViewController.xib */; };
		02D8CC201C3B418500D2106D /* CameraISOViewController.swift in Sources */ = {isa = PBXBuildFile; fileRef = 02D8CBF91C3B418500D2106D /* CameraISOViewController.swift */; };
		02D8CC211C3B418500D2106D /* CameraShootSinglePhotoViewController.swift in Sources */ = {isa = PBXBuildFile; fileRef = 02D8CBFB1C3B418500D2106D /* CameraShootSinglePhotoViewController.swift */; };
		02D8CC221C3B418500D2106D /* CameraShootSinglePhotoViewController.xib in Resources */ = {isa = PBXBuildFile; fileRef = 02D8CBFC1C3B418500D2106D /* CameraShootSinglePhotoViewController.xib */; };
		02D8CC231C3B418500D2106D /* CameraPushInfoViewController.swift in Sources */ = {isa = PBXBuildFile; fileRef = 02D8CBFE1C3B418500D2106D /* CameraPushInfoViewController.swift */; };
		02D8CC291C3B418500D2106D /* DemoGetSetViewController.swift in Sources */ = {isa = PBXBuildFile; fileRef = 02D8CC061C3B418500D2106D /* DemoGetSetViewController.swift */; };
		02D8CC2A1C3B418500D2106D /* DemoGetSetViewController.xib in Resources */ = {isa = PBXBuildFile; fileRef = 02D8CC071C3B418500D2106D /* DemoGetSetViewController.xib */; };
		02D8CC2B1C3B418500D2106D /* DemoPushInfoViewController.swift in Sources */ = {isa = PBXBuildFile; fileRef = 02D8CC081C3B418500D2106D /* DemoPushInfoViewController.swift */; };
		02D8CC2C1C3B418500D2106D /* DemoPushInfoViewController.xib in Resources */ = {isa = PBXBuildFile; fileRef = 02D8CC091C3B418500D2106D /* DemoPushInfoViewController.xib */; };
		02D8CC2D1C3B418500D2106D /* DemoSettingItem.swift in Sources */ = {isa = PBXBuildFile; fileRef = 02D8CC0A1C3B418500D2106D /* DemoSettingItem.swift */; };
		02D8CC2E1C3B418500D2106D /* DemoTableViewController.swift in Sources */ = {isa = PBXBuildFile; fileRef = 02D8CC0B1C3B418500D2106D /* DemoTableViewController.swift */; };
		02D8CC301C3B418500D2106D /* GimbalActionsTableTableViewController.swift in Sources */ = {isa = PBXBuildFile; fileRef = 02D8CC0E1C3B418500D2106D /* GimbalActionsTableTableViewController.swift */; };
		02D8CC311C3B418500D2106D /* GimbalPushInfoViewController.swift in Sources */ = {isa = PBXBuildFile; fileRef = 02D8CC101C3B418500D2106D /* GimbalPushInfoViewController.swift */; };
		02D8CC321C3B418500D2106D /* GimbalRotationInSpeedViewController.swift in Sources */ = {isa = PBXBuildFile; fileRef = 02D8CC121C3B418500D2106D /* GimbalRotationInSpeedViewController.swift */; };
		02D8CC331C3B418500D2106D /* GimbalRotationInSpeedViewController.xib in Resources */ = {isa = PBXBuildFile; fileRef = 02D8CC131C3B418500D2106D /* GimbalRotationInSpeedViewController.xib */; };
		386F683B1BF68B41003A8ED0 /* Main.storyboard in Resources */ = {isa = PBXBuildFile; fileRef = 386F68391BF68B41003A8ED0 /* Main.storyboard */; };
		386F683D1BF68B41003A8ED0 /* Assets.xcassets in Resources */ = {isa = PBXBuildFile; fileRef = 386F683C1BF68B41003A8ED0 /* Assets.xcassets */; };
		386F68401BF68B41003A8ED0 /* LaunchScreen.storyboard in Resources */ = {isa = PBXBuildFile; fileRef = 386F683E1BF68B41003A8ED0 /* LaunchScreen.storyboard */; };
		386F68561BF6BAA4003A8ED0 /* Extensions.swift in Sources */ = {isa = PBXBuildFile; fileRef = 386F68551BF6BAA4003A8ED0 /* Extensions.swift */; };
		386F68591BF6BED7003A8ED0 /* AppDelegate.swift in Sources */ = {isa = PBXBuildFile; fileRef = 386F68581BF6BED7003A8ED0 /* AppDelegate.swift */; };
		386F685D1BF6BF27003A8ED0 /* StartupViewController.swift in Sources */ = {isa = PBXBuildFile; fileRef = 386F685C1BF6BF27003A8ED0 /* StartupViewController.swift */; };
		38CE482A1C000D3E00AA190D /* LogHelper.swift in Sources */ = {isa = PBXBuildFile; fileRef = 38CE48291C000D3E00AA190D /* LogHelper.swift */; };
		38F395FF1C408A9B00EB7E52 /* ComponentsViewController.swift in Sources */ = {isa = PBXBuildFile; fileRef = 38F395FE1C408A9B00EB7E52 /* ComponentsViewController.swift */; };
		F7BBFA1B1C9918D3003CE58E /* DJISDK.framework in Frameworks */ = {isa = PBXBuildFile; fileRef = F7BBFA0D1C991805003CE58E /* DJISDK.framework */; };
		F7BBFA1C1C9918D3003CE58E /* DJISDK.framework in Embed Frameworks */ = {isa = PBXBuildFile; fileRef = F7BBFA0D1C991805003CE58E /* DJISDK.framework */; settings = {ATTRIBUTES = (CodeSignOnCopy, RemoveHeadersOnCopy, ); }; };
		F7BBFA1E1C9918D6003CE58E /* VideoPreviewer.framework in Frameworks */ = {isa = PBXBuildFile; fileRef = F7BBFA141C99180E003CE58E /* VideoPreviewer.framework */; };
		F7BBFA1F1C9918D6003CE58E /* VideoPreviewer.framework in Embed Frameworks */ = {isa = PBXBuildFile; fileRef = F7BBFA141C99180E003CE58E /* VideoPreviewer.framework */; settings = {ATTRIBUTES = (CodeSignOnCopy, RemoveHeadersOnCopy, ); }; };
/* End PBXBuildFile section */

/* Begin PBXContainerItemProxy section */
		F7BBFA131C99180E003CE58E /* PBXContainerItemProxy */ = {
			isa = PBXContainerItemProxy;
			containerPortal = F7BBFA0F1C99180E003CE58E /* VideoPreviewer.xcodeproj */;
			proxyType = 2;
			remoteGlobalIDString = 02A543FD1C3C51CB0083C11B;
			remoteInfo = VideoPreviewer;
		};
		F7BBFA201C9918D6003CE58E /* PBXContainerItemProxy */ = {
			isa = PBXContainerItemProxy;
			containerPortal = F7BBFA0F1C99180E003CE58E /* VideoPreviewer.xcodeproj */;
			proxyType = 1;
			remoteGlobalIDString = 02A543FC1C3C51CB0083C11B;
			remoteInfo = VideoPreviewer;
		};
/* End PBXContainerItemProxy section */

/* Begin PBXCopyFilesBuildPhase section */
		F7BBFA1D1C9918D4003CE58E /* Embed Frameworks */ = {
			isa = PBXCopyFilesBuildPhase;
			buildActionMask = 2147483647;
			dstPath = "";
			dstSubfolderSpec = 10;
			files = (
				F7BBFA1F1C9918D6003CE58E /* VideoPreviewer.framework in Embed Frameworks */,
				F7BBFA1C1C9918D3003CE58E /* DJISDK.framework in Embed Frameworks */,
			);
			name = "Embed Frameworks";
			runOnlyForDeploymentPostprocessing = 0;
		};
/* End PBXCopyFilesBuildPhase section */

/* Begin PBXFileReference section */
		0239F1CB1C332D400008DEA4 /* CustomMissionViewController.swift */ = {isa = PBXFileReference; fileEncoding = 4; lastKnownFileType = sourcecode.swift; name = CustomMissionViewController.swift; path = Missions/CustomMission/CustomMissionViewController.swift; sourceTree = "<group>"; };
		0239F1CD1C332D400008DEA4 /* DJICollectionViewCell.swift */ = {isa = PBXFileReference; fileEncoding = 4; lastKnownFileType = sourcecode.swift; name = DJICollectionViewCell.swift; path = Missions/CustomMission/DJICollectionViewCell.swift; sourceTree = "<group>"; };
		0239F1CE1C332D400008DEA4 /* DJICollectionViewCell.xib */ = {isa = PBXFileReference; fileEncoding = 4; lastKnownFileType = file.xib; name = DJICollectionViewCell.xib; path = Missions/CustomMission/DJICollectionViewCell.xib; sourceTree = "<group>"; };
		0239F1CF1C332D400008DEA4 /* DJIStepsCollectionView.swift */ = {isa = PBXFileReference; fileEncoding = 4; lastKnownFileType = sourcecode.swift; name = DJIStepsCollectionView.swift; path = Missions/CustomMission/DJIStepsCollectionView.swift; sourceTree = "<group>"; };
		0239F1D01C332D400008DEA4 /* DJIStepsCollectionView.xib */ = {isa = PBXFileReference; fileEncoding = 4; lastKnownFileType = file.xib; name = DJIStepsCollectionView.xib; path = Missions/CustomMission/DJIStepsCollectionView.xib; sourceTree = "<group>"; };
		0239F2391C3336500008DEA4 /* DJIAnnotation.swift */ = {isa = PBXFileReference; fileEncoding = 4; lastKnownFileType = sourcecode.swift; path = DJIAnnotation.swift; sourceTree = "<group>"; };
		0239F23A1C3336500008DEA4 /* DJIAnnotationView.swift */ = {isa = PBXFileReference; fileEncoding = 4; lastKnownFileType = sourcecode.swift; path = DJIAnnotationView.swift; sourceTree = "<group>"; };
		0239F23B1C3336500008DEA4 /* DJIPOIAnnotationView.swift */ = {isa = PBXFileReference; fileEncoding = 4; lastKnownFileType = sourcecode.swift; path = DJIPOIAnnotationView.swift; sourceTree = "<group>"; };
		0239F23C1C3336500008DEA4 /* DJIMapView.swift */ = {isa = PBXFileReference; fileEncoding = 4; lastKnownFileType = sourcecode.swift; name = DJIMapView.swift; path = Missions/DJIMapView/DJIMapView.swift; sourceTree = "<group>"; };
		0239F2471C333DA30008DEA4 /* DJIBaseViewController.swift */ = {isa = PBXFileReference; fileEncoding = 4; lastKnownFileType = sourcecode.swift; name = DJIBaseViewController.swift; path = Missions/DJIBaseViewController.swift; sourceTree = "<group>"; };
		0239F24E1C338C660008DEA4 /* DJIWaypointAnnotation.swift */ = {isa = PBXFileReference; fileEncoding = 4; lastKnownFileType = sourcecode.swift; name = DJIWaypointAnnotation.swift; path = Missions/IOC/DJIWaypointAnnotation.swift; sourceTree = "<group>"; };
		0239F24F1C338C660008DEA4 /* DJIWaypointAnnotationView.swift */ = {isa = PBXFileReference; fileEncoding = 4; lastKnownFileType = sourcecode.swift; name = DJIWaypointAnnotationView.swift; path = Missions/IOC/DJIWaypointAnnotationView.swift; sourceTree = "<group>"; };
		0239F2521C338C740008DEA4 /* DJIAircraftAnnotation.swift */ = {isa = PBXFileReference; fileEncoding = 4; lastKnownFileType = sourcecode.swift; name = DJIAircraftAnnotation.swift; path = Missions/HotPoint/DJIAircraftAnnotation.swift; sourceTree = "<group>"; };
		0239F2531C338C740008DEA4 /* DJIAircraftAnnotationView.swift */ = {isa = PBXFileReference; fileEncoding = 4; lastKnownFileType = sourcecode.swift; name = DJIAircraftAnnotationView.swift; path = Missions/HotPoint/DJIAircraftAnnotationView.swift; sourceTree = "<group>"; };
		0239F25A1C3602AE0008DEA4 /* NavigationFollowMeViewController.swift */ = {isa = PBXFileReference; fileEncoding = 4; lastKnownFileType = sourcecode.swift; path = NavigationFollowMeViewController.swift; sourceTree = "<group>"; };
		0239F25F1C3602AE0008DEA4 /* HotPointConfigView.swift */ = {isa = PBXFileReference; fileEncoding = 4; lastKnownFileType = sourcecode.swift; path = HotPointConfigView.swift; sourceTree = "<group>"; };
		0239F2601C3602AE0008DEA4 /* HotPointConfigView.xib */ = {isa = PBXFileReference; fileEncoding = 4; lastKnownFileType = file.xib; path = HotPointConfigView.xib; sourceTree = "<group>"; };
		0239F2611C3602AE0008DEA4 /* NavigationHotPointViewController.swift */ = {isa = PBXFileReference; fileEncoding = 4; lastKnownFileType = sourcecode.swift; path = NavigationHotPointViewController.swift; sourceTree = "<group>"; };
		0239F2661C3602AE0008DEA4 /* NavigationIOCViewController.swift */ = {isa = PBXFileReference; fileEncoding = 4; lastKnownFileType = sourcecode.swift; name = NavigationIOCViewController.swift; path = ../../../Missions/IOC/NavigationIOCViewController.swift; sourceTree = "<group>"; };
		0239F2691C3602AE0008DEA4 /* JoyStickView.swift */ = {isa = PBXFileReference; fileEncoding = 4; lastKnownFileType = sourcecode.swift; name = JoyStickView.swift; path = ../../../Missions/Joystick/JoyStickView.swift; sourceTree = "<group>"; };
		0239F26A1C3602AE0008DEA4 /* NavigationJoystickViewController.swift */ = {isa = PBXFileReference; fileEncoding = 4; lastKnownFileType = sourcecode.swift; name = NavigationJoystickViewController.swift; path = ../../../Missions/Joystick/NavigationJoystickViewController.swift; sourceTree = "<group>"; };
		0239F26D1C3602AE0008DEA4 /* PanoramaViewController.swift */ = {isa = PBXFileReference; fileEncoding = 4; lastKnownFileType = sourcecode.swift; path = PanoramaViewController.swift; sourceTree = "<group>"; };
		0239F2701C3602AE0008DEA4 /* NavigationWaypointActionView.swift */ = {isa = PBXFileReference; fileEncoding = 4; lastKnownFileType = sourcecode.swift; path = NavigationWaypointActionView.swift; sourceTree = "<group>"; };
		0239F2711C3602AE0008DEA4 /* NavigationWaypointActionView.xib */ = {isa = PBXFileReference; fileEncoding = 4; lastKnownFileType = file.xib; path = NavigationWaypointActionView.xib; sourceTree = "<group>"; };
		0239F2721C3602AE0008DEA4 /* NavigationWaypointConfigView.swift */ = {isa = PBXFileReference; fileEncoding = 4; lastKnownFileType = sourcecode.swift; path = NavigationWaypointConfigView.swift; sourceTree = "<group>"; };
		0239F2731C3602AE0008DEA4 /* NavigationWaypointConfigView.xib */ = {isa = PBXFileReference; fileEncoding = 4; lastKnownFileType = file.xib; path = NavigationWaypointConfigView.xib; sourceTree = "<group>"; };
		0239F2741C3602AE0008DEA4 /* NavigationWaypointMissionConfigView.swift */ = {isa = PBXFileReference; fileEncoding = 4; lastKnownFileType = sourcecode.swift; path = NavigationWaypointMissionConfigView.swift; sourceTree = "<group>"; };
		0239F2751C3602AE0008DEA4 /* NavigationWaypointMissionConfigView.xib */ = {isa = PBXFileReference; fileEncoding = 4; lastKnownFileType = file.xib; path = NavigationWaypointMissionConfigView.xib; sourceTree = "<group>"; };
		0239F2761C3602AE0008DEA4 /* NavigationWaypointViewController.swift */ = {isa = PBXFileReference; fileEncoding = 4; lastKnownFileType = sourcecode.swift; path = NavigationWaypointViewController.swift; sourceTree = "<group>"; };
		0264D3E21C402CB0002313FE /* RebootWiFiViewController.swift */ = {isa = PBXFileReference; fileEncoding = 4; lastKnownFileType = sourcecode.swift; path = RebootWiFiViewController.swift; sourceTree = "<group>"; };
		0264D3E31C402CB0002313FE /* RebootWiFiViewController.xib */ = {isa = PBXFileReference; fileEncoding = 4; lastKnownFileType = file.xib; path = RebootWiFiViewController.xib; sourceTree = "<group>"; };
		0264D3E61C402CB0002313FE /* SetGetChannelViewController.swift */ = {isa = PBXFileReference; fileEncoding = 4; lastKnownFileType = sourcecode.swift; path = SetGetChannelViewController.swift; sourceTree = "<group>"; };
		0264D3EC1C402CC8002313FE /* RCActionsTableViewController.swift */ = {isa = PBXFileReference; fileEncoding = 4; lastKnownFileType = sourcecode.swift; path = RCActionsTableViewController.swift; sourceTree = "<group>"; };
		0264D3EF1C402CC8002313FE /* RCHardwareStateViewController.swift */ = {isa = PBXFileReference; fileEncoding = 4; lastKnownFileType = sourcecode.swift; path = RCHardwareStateViewController.swift; sourceTree = "<group>"; };
		0264D3F01C402CC8002313FE /* RCHardwareStateViewController.xib */ = {isa = PBXFileReference; fileEncoding = 4; lastKnownFileType = file.xib; path = RCHardwareStateViewController.xib; sourceTree = "<group>"; };
		0264D3F31C402CC8002313FE /* RCParingViewController.swift */ = {isa = PBXFileReference; fileEncoding = 4; lastKnownFileType = sourcecode.swift; path = RCParingViewController.swift; sourceTree = "<group>"; };
		0264D3F41C402CC8002313FE /* RCParingViewController.xib */ = {isa = PBXFileReference; fileEncoding = 4; lastKnownFileType = file.xib; path = RCParingViewController.xib; sourceTree = "<group>"; };
		0264D3FC1C403365002313FE /* FCGeneralControlViewController.swift */ = {isa = PBXFileReference; fileEncoding = 4; lastKnownFileType = sourcecode.swift; path = FCGeneralControlViewController.swift; sourceTree = "<group>"; };
		0264D3FD1C403365002313FE /* FCGeneralControlViewController.xib */ = {isa = PBXFileReference; fileEncoding = 4; lastKnownFileType = file.xib; path = FCGeneralControlViewController.xib; sourceTree = "<group>"; };
		0264D4041C40666D002313FE /* HandheldControllerActionsTableViewController.swift */ = {isa = PBXFileReference; fileEncoding = 4; lastKnownFileType = sourcecode.swift; path = HandheldControllerActionsTableViewController.swift; sourceTree = "<group>"; };
		0264D4071C40666D002313FE /* SleepModeViewController.swift */ = {isa = PBXFileReference; fileEncoding = 4; lastKnownFileType = sourcecode.swift; path = SleepModeViewController.swift; sourceTree = "<group>"; };
		0264D4081C40666D002313FE /* SleepModeViewController.xib */ = {isa = PBXFileReference; fileEncoding = 4; lastKnownFileType = file.xib; path = SleepModeViewController.xib; sourceTree = "<group>"; };
		0264D40E1C407DE2002313FE /* CameraFPVViewController.swift */ = {isa = PBXFileReference; fileEncoding = 4; lastKnownFileType = sourcecode.swift; path = CameraFPVViewController.swift; sourceTree = "<group>"; };
		0264D40F1C407DE2002313FE /* CameraFPVViewController.xib */ = {isa = PBXFileReference; fileEncoding = 4; lastKnownFileType = file.xib; path = CameraFPVViewController.xib; sourceTree = "<group>"; };
		0271B3DC1C3DF6900056DB2B /* AirLinkActionsTableViewController.swift */ = {isa = PBXFileReference; fileEncoding = 4; lastKnownFileType = sourcecode.swift; path = AirLinkActionsTableViewController.swift; sourceTree = "<group>"; };
		0271B3DE1C3DF6900056DB2B /* WiFiLinkSSIDViewController.swift */ = {isa = PBXFileReference; fileEncoding = 4; lastKnownFileType = sourcecode.swift; path = WiFiLinkSSIDViewController.swift; sourceTree = "<group>"; };
		0271B3E11C3DF6900056DB2B /* FCCompassViewController.swift */ = {isa = PBXFileReference; fileEncoding = 4; lastKnownFileType = sourcecode.swift; path = FCCompassViewController.swift; sourceTree = "<group>"; };
		0271B3E21C3DF6900056DB2B /* FCCompassViewController.xib */ = {isa = PBXFileReference; fileEncoding = 4; lastKnownFileType = file.xib; path = FCCompassViewController.xib; sourceTree = "<group>"; };
		0271B3E31C3DF6900056DB2B /* FCActionsTableViewController.swift */ = {isa = PBXFileReference; fileEncoding = 4; lastKnownFileType = sourcecode.swift; path = FCActionsTableViewController.swift; sourceTree = "<group>"; };
		0271B3E51C3DF6900056DB2B /* FCFlightLimitationViewController.swift */ = {isa = PBXFileReference; fileEncoding = 4; lastKnownFileType = sourcecode.swift; path = FCFlightLimitationViewController.swift; sourceTree = "<group>"; };
		0271B3E61C3DF6900056DB2B /* FCFlightLimitationViewController.xib */ = {isa = PBXFileReference; fileEncoding = 4; lastKnownFileType = file.xib; path = FCFlightLimitationViewController.xib; sourceTree = "<group>"; };
		0271B3E81C3DF6900056DB2B /* FCLandingGearViewController.swift */ = {isa = PBXFileReference; fileEncoding = 4; lastKnownFileType = sourcecode.swift; path = FCLandingGearViewController.swift; sourceTree = "<group>"; };
		0271B3E91C3DF6900056DB2B /* FCLandingGearViewController.xib */ = {isa = PBXFileReference; fileEncoding = 4; lastKnownFileType = file.xib; path = FCLandingGearViewController.xib; sourceTree = "<group>"; };
		0271B3EC1C3DF6900056DB2B /* FCOrientationViewController.xib */ = {isa = PBXFileReference; fileEncoding = 4; lastKnownFileType = file.xib; path = FCOrientationViewController.xib; sourceTree = "<group>"; };
		02D044061C974F0E007AD0C7 /* FCIntelligentAssistantViewController.swift */ = {isa = PBXFileReference; fileEncoding = 4; lastKnownFileType = sourcecode.swift; name = FCIntelligentAssistantViewController.swift; path = IntelligentAssistant/FCIntelligentAssistantViewController.swift; sourceTree = "<group>"; };
		02D044071C974F0E007AD0C7 /* FCIntelligentAssistantViewController.xib */ = {isa = PBXFileReference; fileEncoding = 4; lastKnownFileType = file.xib; name = FCIntelligentAssistantViewController.xib; path = IntelligentAssistant/FCIntelligentAssistantViewController.xib; sourceTree = "<group>"; };
		02D8CBE51C3B418500D2106D /* BatteryActionsTableViewController.swift */ = {isa = PBXFileReference; fileEncoding = 4; lastKnownFileType = sourcecode.swift; path = BatteryActionsTableViewController.swift; sourceTree = "<group>"; };
		02D8CBE71C3B418500D2106D /* BatterySelfDischargeViewController.swift */ = {isa = PBXFileReference; fileEncoding = 4; lastKnownFileType = sourcecode.swift; path = BatterySelfDischargeViewController.swift; sourceTree = "<group>"; };
		02D8CBE91C3B418500D2106D /* CameraActionsTableViewController.swift */ = {isa = PBXFileReference; fileEncoding = 4; lastKnownFileType = sourcecode.swift; path = CameraActionsTableViewController.swift; sourceTree = "<group>"; };
		02D8CBEB1C3B418500D2106D /* CameraFetchMediaViewController.swift */ = {isa = PBXFileReference; fileEncoding = 4; lastKnownFileType = sourcecode.swift; path = CameraFetchMediaViewController.swift; sourceTree = "<group>"; };
		02D8CBEC1C3B418500D2106D /* CameraFetchMediaViewController.xib */ = {isa = PBXFileReference; fileEncoding = 4; lastKnownFileType = file.xib; path = CameraFetchMediaViewController.xib; sourceTree = "<group>"; };
		02D8CBEE1C3B418500D2106D /* CameraPlaybackCommandViewController.swift */ = {isa = PBXFileReference; fileEncoding = 4; lastKnownFileType = sourcecode.swift; path = CameraPlaybackCommandViewController.swift; sourceTree = "<group>"; };
		02D8CBEF1C3B418500D2106D /* CameraPlaybackCommandViewController.xib */ = {isa = PBXFileReference; fileEncoding = 4; lastKnownFileType = file.xib; path = CameraPlaybackCommandViewController.xib; sourceTree = "<group>"; };
		02D8CBF11C3B418500D2106D /* CameraPlaybackDownloadViewController.swift */ = {isa = PBXFileReference; fileEncoding = 4; lastKnownFileType = sourcecode.swift; path = CameraPlaybackDownloadViewController.swift; sourceTree = "<group>"; };
		02D8CBF21C3B418500D2106D /* CameraPlaybackDownloadViewController.xib */ = {isa = PBXFileReference; fileEncoding = 4; lastKnownFileType = file.xib; path = CameraPlaybackDownloadViewController.xib; sourceTree = "<group>"; };
		02D8CBF41C3B418500D2106D /* CameraPlaybackPushInfoViewController.swift */ = {isa = PBXFileReference; fileEncoding = 4; lastKnownFileType = sourcecode.swift; path = CameraPlaybackPushInfoViewController.swift; sourceTree = "<group>"; };
		02D8CBF61C3B418500D2106D /* CameraRecordVideoViewController.swift */ = {isa = PBXFileReference; fileEncoding = 4; lastKnownFileType = sourcecode.swift; path = CameraRecordVideoViewController.swift; sourceTree = "<group>"; };
		02D8CBF71C3B418500D2106D /* CameraRecordVideoViewController.xib */ = {isa = PBXFileReference; fileEncoding = 4; lastKnownFileType = file.xib; path = CameraRecordVideoViewController.xib; sourceTree = "<group>"; };
		02D8CBF91C3B418500D2106D /* CameraISOViewController.swift */ = {isa = PBXFileReference; fileEncoding = 4; lastKnownFileType = sourcecode.swift; path = CameraISOViewController.swift; sourceTree = "<group>"; };
		02D8CBFB1C3B418500D2106D /* CameraShootSinglePhotoViewController.swift */ = {isa = PBXFileReference; fileEncoding = 4; lastKnownFileType = sourcecode.swift; path = CameraShootSinglePhotoViewController.swift; sourceTree = "<group>"; };
		02D8CBFC1C3B418500D2106D /* CameraShootSinglePhotoViewController.xib */ = {isa = PBXFileReference; fileEncoding = 4; lastKnownFileType = file.xib; path = CameraShootSinglePhotoViewController.xib; sourceTree = "<group>"; };
		02D8CBFE1C3B418500D2106D /* CameraPushInfoViewController.swift */ = {isa = PBXFileReference; fileEncoding = 4; lastKnownFileType = sourcecode.swift; path = CameraPushInfoViewController.swift; sourceTree = "<group>"; };
		02D8CC061C3B418500D2106D /* DemoGetSetViewController.swift */ = {isa = PBXFileReference; fileEncoding = 4; lastKnownFileType = sourcecode.swift; name = DemoGetSetViewController.swift; path = UIUtility/DemoGetSetViewController.swift; sourceTree = "<group>"; };
		02D8CC071C3B418500D2106D /* DemoGetSetViewController.xib */ = {isa = PBXFileReference; fileEncoding = 4; lastKnownFileType = file.xib; name = DemoGetSetViewController.xib; path = UIUtility/DemoGetSetViewController.xib; sourceTree = "<group>"; };
		02D8CC081C3B418500D2106D /* DemoPushInfoViewController.swift */ = {isa = PBXFileReference; fileEncoding = 4; lastKnownFileType = sourcecode.swift; name = DemoPushInfoViewController.swift; path = UIUtility/DemoPushInfoViewController.swift; sourceTree = "<group>"; };
		02D8CC091C3B418500D2106D /* DemoPushInfoViewController.xib */ = {isa = PBXFileReference; fileEncoding = 4; lastKnownFileType = file.xib; name = DemoPushInfoViewController.xib; path = UIUtility/DemoPushInfoViewController.xib; sourceTree = "<group>"; };
		02D8CC0A1C3B418500D2106D /* DemoSettingItem.swift */ = {isa = PBXFileReference; fileEncoding = 4; lastKnownFileType = sourcecode.swift; name = DemoSettingItem.swift; path = UIUtility/DemoSettingItem.swift; sourceTree = "<group>"; };
		02D8CC0B1C3B418500D2106D /* DemoTableViewController.swift */ = {isa = PBXFileReference; fileEncoding = 4; lastKnownFileType = sourcecode.swift; name = DemoTableViewController.swift; path = UIUtility/DemoTableViewController.swift; sourceTree = "<group>"; };
		02D8CC0E1C3B418500D2106D /* GimbalActionsTableTableViewController.swift */ = {isa = PBXFileReference; fileEncoding = 4; lastKnownFileType = sourcecode.swift; path = GimbalActionsTableTableViewController.swift; sourceTree = "<group>"; };
		02D8CC101C3B418500D2106D /* GimbalPushInfoViewController.swift */ = {isa = PBXFileReference; fileEncoding = 4; lastKnownFileType = sourcecode.swift; path = GimbalPushInfoViewController.swift; sourceTree = "<group>"; };
		02D8CC121C3B418500D2106D /* GimbalRotationInSpeedViewController.swift */ = {isa = PBXFileReference; fileEncoding = 4; lastKnownFileType = sourcecode.swift; path = GimbalRotationInSpeedViewController.swift; sourceTree = "<group>"; };
		02D8CC131C3B418500D2106D /* GimbalRotationInSpeedViewController.xib */ = {isa = PBXFileReference; fileEncoding = 4; lastKnownFileType = file.xib; path = GimbalRotationInSpeedViewController.xib; sourceTree = "<group>"; };
		386F68321BF68B41003A8ED0 /* DJISDKSwiftDemo.app */ = {isa = PBXFileReference; explicitFileType = wrapper.application; includeInIndex = 0; path = DJISDKSwiftDemo.app; sourceTree = BUILT_PRODUCTS_DIR; };
		386F683A1BF68B41003A8ED0 /* Base */ = {isa = PBXFileReference; lastKnownFileType = file.storyboard; name = Base; path = Base.lproj/Main.storyboard; sourceTree = "<group>"; };
		386F683C1BF68B41003A8ED0 /* Assets.xcassets */ = {isa = PBXFileReference; lastKnownFileType = folder.assetcatalog; path = Assets.xcassets; sourceTree = "<group>"; };
		386F683F1BF68B41003A8ED0 /* Base */ = {isa = PBXFileReference; lastKnownFileType = file.storyboard; name = Base; path = Base.lproj/LaunchScreen.storyboard; sourceTree = "<group>"; };
		386F68411BF68B41003A8ED0 /* Info.plist */ = {isa = PBXFileReference; lastKnownFileType = text.plist.xml; path = Info.plist; sourceTree = "<group>"; };
		386F68551BF6BAA4003A8ED0 /* Extensions.swift */ = {isa = PBXFileReference; fileEncoding = 4; lastKnownFileType = sourcecode.swift; path = Extensions.swift; sourceTree = "<group>"; };
		386F68581BF6BED7003A8ED0 /* AppDelegate.swift */ = {isa = PBXFileReference; fileEncoding = 4; lastKnownFileType = sourcecode.swift; path = AppDelegate.swift; sourceTree = "<group>"; };
		386F685C1BF6BF27003A8ED0 /* StartupViewController.swift */ = {isa = PBXFileReference; fileEncoding = 4; lastKnownFileType = sourcecode.swift; path = StartupViewController.swift; sourceTree = "<group>"; };
		38CE48291C000D3E00AA190D /* LogHelper.swift */ = {isa = PBXFileReference; fileEncoding = 4; lastKnownFileType = sourcecode.swift; path = LogHelper.swift; sourceTree = "<group>"; };
		38F395FE1C408A9B00EB7E52 /* ComponentsViewController.swift */ = {isa = PBXFileReference; fileEncoding = 4; lastKnownFileType = sourcecode.swift; name = ComponentsViewController.swift; path = Components/ComponentsViewController.swift; sourceTree = "<group>"; };
		F7BBFA0D1C991805003CE58E /* DJISDK.framework */ = {isa = PBXFileReference; lastKnownFileType = wrapper.framework; name = DJISDK.framework; path = ../DJISDK.framework; sourceTree = "<group>"; };
		F7BBFA0F1C99180E003CE58E /* VideoPreviewer.xcodeproj */ = {isa = PBXFileReference; lastKnownFileType = "wrapper.pb-project"; name = VideoPreviewer.xcodeproj; path = ../VideoPreviewer/VideoPreviewer.xcodeproj; sourceTree = "<group>"; };
/* End PBXFileReference section */

/* Begin PBXFrameworksBuildPhase section */
		386F682F1BF68B41003A8ED0 /* Frameworks */ = {
			isa = PBXFrameworksBuildPhase;
			buildActionMask = 2147483647;
			files = (
				F7BBFA1E1C9918D6003CE58E /* VideoPreviewer.framework in Frameworks */,
				F7BBFA1B1C9918D3003CE58E /* DJISDK.framework in Frameworks */,
			);
			runOnlyForDeploymentPostprocessing = 0;
		};
/* End PBXFrameworksBuildPhase section */

/* Begin PBXGroup section */
		0239F1CA1C3321220008DEA4 /* Missions */ = {
			isa = PBXGroup;
			children = (
				0239F1D71C332D450008DEA4 /* CustomMission */,
				0239F2591C3602AE0008DEA4 /* FollowMe */,
				0239F25C1C3602AE0008DEA4 /* HotPoint */,
				0239F26C1C3602AE0008DEA4 /* Panorama */,
				0239F26F1C3602AE0008DEA4 /* Waypoint */,
				0239F2471C333DA30008DEA4 /* DJIBaseViewController.swift */,
				0239F1DE1C3336240008DEA4 /* DJIMapView */,
			);
			name = Missions;
			sourceTree = "<group>";
		};
		0239F1D71C332D450008DEA4 /* CustomMission */ = {
			isa = PBXGroup;
			children = (
				0239F1CB1C332D400008DEA4 /* CustomMissionViewController.swift */,
				0239F1CD1C332D400008DEA4 /* DJICollectionViewCell.swift */,
				0239F1CE1C332D400008DEA4 /* DJICollectionViewCell.xib */,
				0239F1CF1C332D400008DEA4 /* DJIStepsCollectionView.swift */,
				0239F1D01C332D400008DEA4 /* DJIStepsCollectionView.xib */,
			);
			name = CustomMission;
			sourceTree = "<group>";
		};
		0239F1DE1C3336240008DEA4 /* DJIMapView */ = {
			isa = PBXGroup;
			children = (
				0239F2521C338C740008DEA4 /* DJIAircraftAnnotation.swift */,
				0239F2531C338C740008DEA4 /* DJIAircraftAnnotationView.swift */,
				0239F24E1C338C660008DEA4 /* DJIWaypointAnnotation.swift */,
				0239F24F1C338C660008DEA4 /* DJIWaypointAnnotationView.swift */,
				0239F2381C3336500008DEA4 /* DJIAnnotationViews */,
				0239F23C1C3336500008DEA4 /* DJIMapView.swift */,
			);
			name = DJIMapView;
			sourceTree = "<group>";
		};
		0239F2381C3336500008DEA4 /* DJIAnnotationViews */ = {
			isa = PBXGroup;
			children = (
				0239F2391C3336500008DEA4 /* DJIAnnotation.swift */,
				0239F23A1C3336500008DEA4 /* DJIAnnotationView.swift */,
				0239F23B1C3336500008DEA4 /* DJIPOIAnnotationView.swift */,
			);
			name = DJIAnnotationViews;
			path = Missions/DJIMapView/DJIAnnotationViews;
			sourceTree = "<group>";
		};
		0239F2591C3602AE0008DEA4 /* FollowMe */ = {
			isa = PBXGroup;
			children = (
				0239F25A1C3602AE0008DEA4 /* NavigationFollowMeViewController.swift */,
			);
			name = FollowMe;
			path = Missions/FollowMe;
			sourceTree = "<group>";
		};
		0239F25C1C3602AE0008DEA4 /* HotPoint */ = {
			isa = PBXGroup;
			children = (
				0239F25F1C3602AE0008DEA4 /* HotPointConfigView.swift */,
				0239F2601C3602AE0008DEA4 /* HotPointConfigView.xib */,
				0239F2611C3602AE0008DEA4 /* NavigationHotPointViewController.swift */,
			);
			name = HotPoint;
			path = Missions/HotPoint;
			sourceTree = "<group>";
		};
		0239F26C1C3602AE0008DEA4 /* Panorama */ = {
			isa = PBXGroup;
			children = (
				0239F26D1C3602AE0008DEA4 /* PanoramaViewController.swift */,
			);
			name = Panorama;
			path = Missions/Panorama;
			sourceTree = "<group>";
		};
		0239F26F1C3602AE0008DEA4 /* Waypoint */ = {
			isa = PBXGroup;
			children = (
				0239F2701C3602AE0008DEA4 /* NavigationWaypointActionView.swift */,
				0239F2711C3602AE0008DEA4 /* NavigationWaypointActionView.xib */,
				0239F2721C3602AE0008DEA4 /* NavigationWaypointConfigView.swift */,
				0239F2731C3602AE0008DEA4 /* NavigationWaypointConfigView.xib */,
				0239F2741C3602AE0008DEA4 /* NavigationWaypointMissionConfigView.swift */,
				0239F2751C3602AE0008DEA4 /* NavigationWaypointMissionConfigView.xib */,
				0239F2761C3602AE0008DEA4 /* NavigationWaypointViewController.swift */,
			);
			name = Waypoint;
			path = Missions/Waypoint;
			sourceTree = "<group>";
		};
		0264D3E01C402CB0002313FE /* RebootWiFi */ = {
			isa = PBXGroup;
			children = (
				0264D3E21C402CB0002313FE /* RebootWiFiViewController.swift */,
				0264D3E31C402CB0002313FE /* RebootWiFiViewController.xib */,
			);
			path = RebootWiFi;
			sourceTree = "<group>";
		};
		0264D3E41C402CB0002313FE /* SetGetChannel */ = {
			isa = PBXGroup;
			children = (
				0264D3E61C402CB0002313FE /* SetGetChannelViewController.swift */,
			);
			path = SetGetChannel;
			sourceTree = "<group>";
		};
		0264D3EA1C402CC8002313FE /* RemoteController */ = {
			isa = PBXGroup;
			children = (
				0264D3EC1C402CC8002313FE /* RCActionsTableViewController.swift */,
				0264D3ED1C402CC8002313FE /* RCHardwareState */,
				0264D3F11C402CC8002313FE /* RCParing */,
			);
			name = RemoteController;
			path = Components/RemoteController;
			sourceTree = "<group>";
		};
		0264D3ED1C402CC8002313FE /* RCHardwareState */ = {
			isa = PBXGroup;
			children = (
				0264D3EF1C402CC8002313FE /* RCHardwareStateViewController.swift */,
				0264D3F01C402CC8002313FE /* RCHardwareStateViewController.xib */,
			);
			path = RCHardwareState;
			sourceTree = "<group>";
		};
		0264D3F11C402CC8002313FE /* RCParing */ = {
			isa = PBXGroup;
			children = (
				0264D3F31C402CC8002313FE /* RCParingViewController.swift */,
				0264D3F41C402CC8002313FE /* RCParingViewController.xib */,
			);
			path = RCParing;
			sourceTree = "<group>";
		};
		0264D3FA1C403365002313FE /* General */ = {
			isa = PBXGroup;
			children = (
				0264D3FC1C403365002313FE /* FCGeneralControlViewController.swift */,
				0264D3FD1C403365002313FE /* FCGeneralControlViewController.xib */,
			);
			path = General;
			sourceTree = "<group>";
		};
		0264D4021C40666D002313FE /* HandheldController */ = {
			isa = PBXGroup;
			children = (
				0264D4041C40666D002313FE /* HandheldControllerActionsTableViewController.swift */,
				0264D4051C40666D002313FE /* SleepMode */,
			);
			name = HandheldController;
			path = Components/HandheldController;
			sourceTree = "<group>";
		};
		0264D4051C40666D002313FE /* SleepMode */ = {
			isa = PBXGroup;
			children = (
				0264D4071C40666D002313FE /* SleepModeViewController.swift */,
				0264D4081C40666D002313FE /* SleepModeViewController.xib */,
			);
			path = SleepMode;
			sourceTree = "<group>";
		};
		0264D40C1C407DE2002313FE /* FPVLiveVideo */ = {
			isa = PBXGroup;
			children = (
				0264D40E1C407DE2002313FE /* CameraFPVViewController.swift */,
				0264D40F1C407DE2002313FE /* CameraFPVViewController.xib */,
			);
			path = FPVLiveVideo;
			sourceTree = "<group>";
		};
		0271B3DB1C3DF6900056DB2B /* AirLink */ = {
			isa = PBXGroup;
			children = (
				0271B3DC1C3DF6900056DB2B /* AirLinkActionsTableViewController.swift */,
				0264D3E01C402CB0002313FE /* RebootWiFi */,
				0264D3E41C402CB0002313FE /* SetGetChannel */,
				0271B3DD1C3DF6900056DB2B /* WiFiSSID */,
			);
			name = AirLink;
			path = Components/AirLink;
			sourceTree = "<group>";
		};
		0271B3DD1C3DF6900056DB2B /* WiFiSSID */ = {
			isa = PBXGroup;
			children = (
				0271B3DE1C3DF6900056DB2B /* WiFiLinkSSIDViewController.swift */,
			);
			path = WiFiSSID;
			sourceTree = "<group>";
		};
		0271B3DF1C3DF6900056DB2B /* FlightController */ = {
			isa = PBXGroup;
			children = (
				02D044011C9743DF007AD0C7 /* IntelligentAssistant */,
				0271B3E31C3DF6900056DB2B /* FCActionsTableViewController.swift */,
				0264D3FA1C403365002313FE /* General */,
				0271B3E01C3DF6900056DB2B /* Compass */,
				0271B3E41C3DF6900056DB2B /* FlightLimitation */,
				0271B3E71C3DF6900056DB2B /* LandingGear */,
				0271B3EA1C3DF6900056DB2B /* OrientationMode */,
				0271B3ED1C3DF6900056DB2B /* VirtualStick */,
			);
			name = FlightController;
			path = Components/FlightController;
			sourceTree = "<group>";
		};
		0271B3E01C3DF6900056DB2B /* Compass */ = {
			isa = PBXGroup;
			children = (
				0271B3E11C3DF6900056DB2B /* FCCompassViewController.swift */,
				0271B3E21C3DF6900056DB2B /* FCCompassViewController.xib */,
			);
			path = Compass;
			sourceTree = "<group>";
		};
		0271B3E41C3DF6900056DB2B /* FlightLimitation */ = {
			isa = PBXGroup;
			children = (
				0271B3E51C3DF6900056DB2B /* FCFlightLimitationViewController.swift */,
				0271B3E61C3DF6900056DB2B /* FCFlightLimitationViewController.xib */,
			);
			path = FlightLimitation;
			sourceTree = "<group>";
		};
		0271B3E71C3DF6900056DB2B /* LandingGear */ = {
			isa = PBXGroup;
			children = (
				0271B3E81C3DF6900056DB2B /* FCLandingGearViewController.swift */,
				0271B3E91C3DF6900056DB2B /* FCLandingGearViewController.xib */,
			);
			path = LandingGear;
			sourceTree = "<group>";
		};
		0271B3EA1C3DF6900056DB2B /* OrientationMode */ = {
			isa = PBXGroup;
			children = (
				0239F2661C3602AE0008DEA4 /* NavigationIOCViewController.swift */,
				0271B3EC1C3DF6900056DB2B /* FCOrientationViewController.xib */,
			);
			path = OrientationMode;
			sourceTree = "<group>";
		};
		0271B3ED1C3DF6900056DB2B /* VirtualStick */ = {
			isa = PBXGroup;
			children = (
				0239F2691C3602AE0008DEA4 /* JoyStickView.swift */,
				0239F26A1C3602AE0008DEA4 /* NavigationJoystickViewController.swift */,
			);
			path = VirtualStick;
			sourceTree = "<group>";
		};
		02D044011C9743DF007AD0C7 /* IntelligentAssistant */ = {
			isa = PBXGroup;
			children = (
				02D044061C974F0E007AD0C7 /* FCIntelligentAssistantViewController.swift */,
				02D044071C974F0E007AD0C7 /* FCIntelligentAssistantViewController.xib */,
			);
			name = IntelligentAssistant;
			sourceTree = "<group>";
		};
		02D8CBE41C3B418500D2106D /* Battery */ = {
			isa = PBXGroup;
			children = (
				02D8CBE51C3B418500D2106D /* BatteryActionsTableViewController.swift */,
				02D8CBE61C3B418500D2106D /* GetSetSelfDischargeDay */,
			);
			name = Battery;
			path = Components/Battery;
			sourceTree = "<group>";
		};
		02D8CBE61C3B418500D2106D /* GetSetSelfDischargeDay */ = {
			isa = PBXGroup;
			children = (
				02D8CBE71C3B418500D2106D /* BatterySelfDischargeViewController.swift */,
			);
			path = GetSetSelfDischargeDay;
			sourceTree = "<group>";
		};
		02D8CBE81C3B418500D2106D /* Camera */ = {
			isa = PBXGroup;
			children = (
				02D8CBE91C3B418500D2106D /* CameraActionsTableViewController.swift */,
				0264D40C1C407DE2002313FE /* FPVLiveVideo */,
				02D8CBEA1C3B418500D2106D /* MediaFetchMedia */,
				02D8CBED1C3B418500D2106D /* PlaybackCommand */,
				02D8CBF01C3B418500D2106D /* PlaybackDownload */,
				02D8CBF31C3B418500D2106D /* PlaybackPushInfo */,
				02D8CBF51C3B418500D2106D /* RecordVideo */,
				02D8CBF81C3B418500D2106D /* SetGetISO */,
				02D8CBFA1C3B418500D2106D /* ShootSinglePhoto */,
				02D8CBFD1C3B418500D2106D /* SystemPushInfo */,
			);
			name = Camera;
			path = Components/Camera;
			sourceTree = "<group>";
		};
		02D8CBEA1C3B418500D2106D /* MediaFetchMedia */ = {
			isa = PBXGroup;
			children = (
				02D8CBEB1C3B418500D2106D /* CameraFetchMediaViewController.swift */,
				02D8CBEC1C3B418500D2106D /* CameraFetchMediaViewController.xib */,
			);
			path = MediaFetchMedia;
			sourceTree = "<group>";
		};
		02D8CBED1C3B418500D2106D /* PlaybackCommand */ = {
			isa = PBXGroup;
			children = (
				02D8CBEE1C3B418500D2106D /* CameraPlaybackCommandViewController.swift */,
				02D8CBEF1C3B418500D2106D /* CameraPlaybackCommandViewController.xib */,
			);
			path = PlaybackCommand;
			sourceTree = "<group>";
		};
		02D8CBF01C3B418500D2106D /* PlaybackDownload */ = {
			isa = PBXGroup;
			children = (
				02D8CBF11C3B418500D2106D /* CameraPlaybackDownloadViewController.swift */,
				02D8CBF21C3B418500D2106D /* CameraPlaybackDownloadViewController.xib */,
			);
			path = PlaybackDownload;
			sourceTree = "<group>";
		};
		02D8CBF31C3B418500D2106D /* PlaybackPushInfo */ = {
			isa = PBXGroup;
			children = (
				02D8CBF41C3B418500D2106D /* CameraPlaybackPushInfoViewController.swift */,
			);
			path = PlaybackPushInfo;
			sourceTree = "<group>";
		};
		02D8CBF51C3B418500D2106D /* RecordVideo */ = {
			isa = PBXGroup;
			children = (
				02D8CBF61C3B418500D2106D /* CameraRecordVideoViewController.swift */,
				02D8CBF71C3B418500D2106D /* CameraRecordVideoViewController.xib */,
			);
			path = RecordVideo;
			sourceTree = "<group>";
		};
		02D8CBF81C3B418500D2106D /* SetGetISO */ = {
			isa = PBXGroup;
			children = (
				02D8CBF91C3B418500D2106D /* CameraISOViewController.swift */,
			);
			path = SetGetISO;
			sourceTree = "<group>";
		};
		02D8CBFA1C3B418500D2106D /* ShootSinglePhoto */ = {
			isa = PBXGroup;
			children = (
				02D8CBFB1C3B418500D2106D /* CameraShootSinglePhotoViewController.swift */,
				02D8CBFC1C3B418500D2106D /* CameraShootSinglePhotoViewController.xib */,
			);
			path = ShootSinglePhoto;
			sourceTree = "<group>";
		};
		02D8CBFD1C3B418500D2106D /* SystemPushInfo */ = {
			isa = PBXGroup;
			children = (
				02D8CBFE1C3B418500D2106D /* CameraPushInfoViewController.swift */,
			);
			path = SystemPushInfo;
			sourceTree = "<group>";
		};
		02D8CBFF1C3B418500D2106D /* DemoUtility */ = {
			isa = PBXGroup;
			children = (
				02D8CC061C3B418500D2106D /* DemoGetSetViewController.swift */,
				02D8CC071C3B418500D2106D /* DemoGetSetViewController.xib */,
				02D8CC081C3B418500D2106D /* DemoPushInfoViewController.swift */,
				02D8CC091C3B418500D2106D /* DemoPushInfoViewController.xib */,
				02D8CC0A1C3B418500D2106D /* DemoSettingItem.swift */,
				02D8CC0B1C3B418500D2106D /* DemoTableViewController.swift */,
			);
			name = DemoUtility;
			path = Components/DemoUtility;
			sourceTree = "<group>";
		};
		02D8CC0D1C3B418500D2106D /* Gimbal */ = {
			isa = PBXGroup;
			children = (
				02D8CC0E1C3B418500D2106D /* GimbalActionsTableTableViewController.swift */,
				02D8CC0F1C3B418500D2106D /* PushInfo */,
				02D8CC111C3B418500D2106D /* RotationInSpeed */,
			);
			name = Gimbal;
			path = Components/Gimbal;
			sourceTree = "<group>";
		};
		02D8CC0F1C3B418500D2106D /* PushInfo */ = {
			isa = PBXGroup;
			children = (
				02D8CC101C3B418500D2106D /* GimbalPushInfoViewController.swift */,
			);
			path = PushInfo;
			sourceTree = "<group>";
		};
		02D8CC111C3B418500D2106D /* RotationInSpeed */ = {
			isa = PBXGroup;
			children = (
				02D8CC121C3B418500D2106D /* GimbalRotationInSpeedViewController.swift */,
				02D8CC131C3B418500D2106D /* GimbalRotationInSpeedViewController.xib */,
			);
			path = RotationInSpeed;
			sourceTree = "<group>";
		};
		386F68291BF68B41003A8ED0 = {
			isa = PBXGroup;
			children = (
				386F68341BF68B41003A8ED0 /* DJISDKSwiftDemo */,
				386F684C1BF68C58003A8ED0 /* Frameworks */,
				386F68331BF68B41003A8ED0 /* Products */,
			);
			sourceTree = "<group>";
		};
		386F68331BF68B41003A8ED0 /* Products */ = {
			isa = PBXGroup;
			children = (
				386F68321BF68B41003A8ED0 /* DJISDKSwiftDemo.app */,
			);
			name = Products;
			sourceTree = "<group>";
		};
		386F68341BF68B41003A8ED0 /* DJISDKSwiftDemo */ = {
			isa = PBXGroup;
			children = (
				386F68391BF68B41003A8ED0 /* Main.storyboard */,
				386F68571BF6BED7003A8ED0 /* Startup */,
				E274FCE31C0CC43E00E0E205 /* Components */,
				0239F1CA1C3321220008DEA4 /* Missions */,
				386F68541BF6BAA4003A8ED0 /* Library */,
				386F684B1BF68C38003A8ED0 /* Support */,
			);
			path = DJISDKSwiftDemo;
			sourceTree = "<group>";
		};
		386F684B1BF68C38003A8ED0 /* Support */ = {
			isa = PBXGroup;
			children = (
				386F683C1BF68B41003A8ED0 /* Assets.xcassets */,
				386F683E1BF68B41003A8ED0 /* LaunchScreen.storyboard */,
				386F68411BF68B41003A8ED0 /* Info.plist */,
			);
			name = Support;
			sourceTree = "<group>";
		};
		386F684C1BF68C58003A8ED0 /* Frameworks */ = {
			isa = PBXGroup;
			children = (
				F7BBFA0F1C99180E003CE58E /* VideoPreviewer.xcodeproj */,
				F7BBFA0D1C991805003CE58E /* DJISDK.framework */,
			);
			name = Frameworks;
			sourceTree = "<group>";
		};
		386F68541BF6BAA4003A8ED0 /* Library */ = {
			isa = PBXGroup;
			children = (
				386F68551BF6BAA4003A8ED0 /* Extensions.swift */,
				38CE48291C000D3E00AA190D /* LogHelper.swift */,
			);
			path = Library;
			sourceTree = "<group>";
		};
		386F68571BF6BED7003A8ED0 /* Startup */ = {
			isa = PBXGroup;
			children = (
				386F68581BF6BED7003A8ED0 /* AppDelegate.swift */,
				386F685C1BF6BF27003A8ED0 /* StartupViewController.swift */,
			);
			path = Startup;
			sourceTree = "<group>";
		};
		E274FCE31C0CC43E00E0E205 /* Components */ = {
			isa = PBXGroup;
			children = (
				38F395FE1C408A9B00EB7E52 /* ComponentsViewController.swift */,
				0264D4021C40666D002313FE /* HandheldController */,
				0264D3EA1C402CC8002313FE /* RemoteController */,
				0271B3DB1C3DF6900056DB2B /* AirLink */,
				0271B3DF1C3DF6900056DB2B /* FlightController */,
				02D8CBE41C3B418500D2106D /* Battery */,
				02D8CBE81C3B418500D2106D /* Camera */,
				02D8CC0D1C3B418500D2106D /* Gimbal */,
				02D8CBFF1C3B418500D2106D /* DemoUtility */,
			);
			name = Components;
			sourceTree = "<group>";
		};
		F7BBFA101C99180E003CE58E /* Products */ = {
			isa = PBXGroup;
			children = (
				F7BBFA141C99180E003CE58E /* VideoPreviewer.framework */,
			);
			name = Products;
			sourceTree = "<group>";
		};
/* End PBXGroup section */

/* Begin PBXNativeTarget section */
		386F68311BF68B41003A8ED0 /* DJISDKSwiftDemo */ = {
			isa = PBXNativeTarget;
			buildConfigurationList = 386F68441BF68B41003A8ED0 /* Build configuration list for PBXNativeTarget "DJISDKSwiftDemo" */;
			buildPhases = (
				386F682E1BF68B41003A8ED0 /* Sources */,
				386F682F1BF68B41003A8ED0 /* Frameworks */,
				386F68301BF68B41003A8ED0 /* Resources */,
				F7BBFA1D1C9918D4003CE58E /* Embed Frameworks */,
			);
			buildRules = (
			);
			dependencies = (
				F7BBFA211C9918D6003CE58E /* PBXTargetDependency */,
			);
			name = DJISDKSwiftDemo;
			productName = DJISDKSwiftDemo;
			productReference = 386F68321BF68B41003A8ED0 /* DJISDKSwiftDemo.app */;
			productType = "com.apple.product-type.application";
		};
/* End PBXNativeTarget section */

/* Begin PBXProject section */
		386F682A1BF68B41003A8ED0 /* Project object */ = {
			isa = PBXProject;
			attributes = {
				LastSwiftUpdateCheck = 0710;
				LastUpgradeCheck = 0710;
				ORGANIZATIONNAME = DJI;
				TargetAttributes = {
					386F68311BF68B41003A8ED0 = {
						CreatedOnToolsVersion = 7.1.1;
					};
				};
			};
			buildConfigurationList = 386F682D1BF68B41003A8ED0 /* Build configuration list for PBXProject "DJISDKSwiftDemo" */;
			compatibilityVersion = "Xcode 3.2";
			developmentRegion = English;
			hasScannedForEncodings = 0;
			knownRegions = (
				en,
				Base,
			);
			mainGroup = 386F68291BF68B41003A8ED0;
			productRefGroup = 386F68331BF68B41003A8ED0 /* Products */;
			projectDirPath = "";
			projectReferences = (
				{
					ProductGroup = F7BBFA101C99180E003CE58E /* Products */;
					ProjectRef = F7BBFA0F1C99180E003CE58E /* VideoPreviewer.xcodeproj */;
				},
			);
			projectRoot = "";
			targets = (
				386F68311BF68B41003A8ED0 /* DJISDKSwiftDemo */,
			);
		};
/* End PBXProject section */

/* Begin PBXReferenceProxy section */
		F7BBFA141C99180E003CE58E /* VideoPreviewer.framework */ = {
			isa = PBXReferenceProxy;
			fileType = wrapper.framework;
			path = VideoPreviewer.framework;
			remoteRef = F7BBFA131C99180E003CE58E /* PBXContainerItemProxy */;
			sourceTree = BUILT_PRODUCTS_DIR;
		};
/* End PBXReferenceProxy section */

/* Begin PBXResourcesBuildPhase section */
		386F68301BF68B41003A8ED0 /* Resources */ = {
			isa = PBXResourcesBuildPhase;
			buildActionMask = 2147483647;
			files = (
				0264D3F91C402CC8002313FE /* RCParingViewController.xib in Resources */,
				0271B3FB1C3DF6900056DB2B /* FCOrientationViewController.xib in Resources */,
				02D8CC1C1C3B418500D2106D /* CameraPlaybackDownloadViewController.xib in Resources */,
				0239F1D61C332D400008DEA4 /* DJIStepsCollectionView.xib in Resources */,
				0271B3F41C3DF6900056DB2B /* FCCompassViewController.xib in Resources */,
				0271B3F71C3DF6900056DB2B /* FCFlightLimitationViewController.xib in Resources */,
				0271B3F91C3DF6900056DB2B /* FCLandingGearViewController.xib in Resources */,
				0264D3E81C402CB0002313FE /* RebootWiFiViewController.xib in Resources */,
				02D8CC181C3B418500D2106D /* CameraFetchMediaViewController.xib in Resources */,
				386F68401BF68B41003A8ED0 /* LaunchScreen.storyboard in Resources */,
				386F683D1BF68B41003A8ED0 /* Assets.xcassets in Resources */,
				0264D4111C407DE2002313FE /* CameraFPVViewController.xib in Resources */,
				0264D40B1C40666D002313FE /* SleepModeViewController.xib in Resources */,
				386F683B1BF68B41003A8ED0 /* Main.storyboard in Resources */,
				02D8CC331C3B418500D2106D /* GimbalRotationInSpeedViewController.xib in Resources */,
				02D8CC1F1C3B418500D2106D /* CameraRecordVideoViewController.xib in Resources */,
				0239F28E1C3602AE0008DEA4 /* NavigationWaypointMissionConfigView.xib in Resources */,
				0239F28A1C3602AE0008DEA4 /* NavigationWaypointActionView.xib in Resources */,
				02D044091C974F0E007AD0C7 /* FCIntelligentAssistantViewController.xib in Resources */,
				0264D3FF1C403365002313FE /* FCGeneralControlViewController.xib in Resources */,
				0239F1D41C332D400008DEA4 /* DJICollectionViewCell.xib in Resources */,
				0239F27D1C3602AE0008DEA4 /* HotPointConfigView.xib in Resources */,
				0239F28C1C3602AE0008DEA4 /* NavigationWaypointConfigView.xib in Resources */,
				02D8CC2A1C3B418500D2106D /* DemoGetSetViewController.xib in Resources */,
				02D8CC221C3B418500D2106D /* CameraShootSinglePhotoViewController.xib in Resources */,
				02D8CC1A1C3B418500D2106D /* CameraPlaybackCommandViewController.xib in Resources */,
				02D8CC2C1C3B418500D2106D /* DemoPushInfoViewController.xib in Resources */,
				0264D3F71C402CC8002313FE /* RCHardwareStateViewController.xib in Resources */,
			);
			runOnlyForDeploymentPostprocessing = 0;
		};
/* End PBXResourcesBuildPhase section */

/* Begin PBXSourcesBuildPhase section */
		386F682E1BF68B41003A8ED0 /* Sources */ = {
			isa = PBXSourcesBuildPhase;
			buildActionMask = 2147483647;
			files = (
				38F395FF1C408A9B00EB7E52 /* ComponentsViewController.swift in Sources */,
				02D8CC311C3B418500D2106D /* GimbalPushInfoViewController.swift in Sources */,
				0239F2501C338C660008DEA4 /* DJIWaypointAnnotation.swift in Sources */,
				02D8CC171C3B418500D2106D /* CameraFetchMediaViewController.swift in Sources */,
				02D8CC141C3B418500D2106D /* BatteryActionsTableViewController.swift in Sources */,
				0271B3F11C3DF6900056DB2B /* AirLinkActionsTableViewController.swift in Sources */,
				02D8CC161C3B418500D2106D /* CameraActionsTableViewController.swift in Sources */,
				0264D4101C407DE2002313FE /* CameraFPVViewController.swift in Sources */,
				02D8CC211C3B418500D2106D /* CameraShootSinglePhotoViewController.swift in Sources */,
				0239F28D1C3602AE0008DEA4 /* NavigationWaypointMissionConfigView.swift in Sources */,
				0264D3E71C402CB0002313FE /* RebootWiFiViewController.swift in Sources */,
				02D8CC1B1C3B418500D2106D /* CameraPlaybackDownloadViewController.swift in Sources */,
				0271B3F21C3DF6900056DB2B /* WiFiLinkSSIDViewController.swift in Sources */,
				0271B3F81C3DF6900056DB2B /* FCLandingGearViewController.swift in Sources */,
				02D8CC151C3B418500D2106D /* BatterySelfDischargeViewController.swift in Sources */,
				02D8CC301C3B418500D2106D /* GimbalActionsTableTableViewController.swift in Sources */,
				02D8CC201C3B418500D2106D /* CameraISOViewController.swift in Sources */,
				38CE482A1C000D3E00AA190D /* LogHelper.swift in Sources */,
				02D8CC1D1C3B418500D2106D /* CameraPlaybackPushInfoViewController.swift in Sources */,
				0239F2551C338C740008DEA4 /* DJIAircraftAnnotationView.swift in Sources */,
				0271B3F61C3DF6900056DB2B /* FCFlightLimitationViewController.swift in Sources */,
				02D8CC2E1C3B418500D2106D /* DemoTableViewController.swift in Sources */,
				0239F1D11C332D400008DEA4 /* CustomMissionViewController.swift in Sources */,
				0264D3F61C402CC8002313FE /* RCHardwareStateViewController.swift in Sources */,
				0264D3F51C402CC8002313FE /* RCActionsTableViewController.swift in Sources */,
				0239F2431C3336500008DEA4 /* DJIMapView.swift in Sources */,
				02D8CC2B1C3B418500D2106D /* DemoPushInfoViewController.swift in Sources */,
				386F68591BF6BED7003A8ED0 /* AppDelegate.swift in Sources */,
				0239F28F1C3602AE0008DEA4 /* NavigationWaypointViewController.swift in Sources */,
				0264D3E91C402CB0002313FE /* SetGetChannelViewController.swift in Sources */,
				0239F1D31C332D400008DEA4 /* DJICollectionViewCell.swift in Sources */,
				0264D3F81C402CC8002313FE /* RCParingViewController.swift in Sources */,
				0239F2491C333DA30008DEA4 /* DJIBaseViewController.swift in Sources */,
				02D044081C974F0E007AD0C7 /* FCIntelligentAssistantViewController.swift in Sources */,
				0239F2851C3602AE0008DEA4 /* NavigationJoystickViewController.swift in Sources */,
				386F685D1BF6BF27003A8ED0 /* StartupViewController.swift in Sources */,
				0239F27C1C3602AE0008DEA4 /* HotPointConfigView.swift in Sources */,
				0239F28B1C3602AE0008DEA4 /* NavigationWaypointConfigView.swift in Sources */,
				0264D3FE1C403365002313FE /* FCGeneralControlViewController.swift in Sources */,
				0264D4091C40666D002313FE /* HandheldControllerActionsTableViewController.swift in Sources */,
				02D8CC1E1C3B418500D2106D /* CameraRecordVideoViewController.swift in Sources */,
				0239F2891C3602AE0008DEA4 /* NavigationWaypointActionView.swift in Sources */,
				0239F2401C3336500008DEA4 /* DJIAnnotation.swift in Sources */,
				02D8CC291C3B418500D2106D /* DemoGetSetViewController.swift in Sources */,
				0239F2871C3602AE0008DEA4 /* PanoramaViewController.swift in Sources */,
				0271B3F31C3DF6900056DB2B /* FCCompassViewController.swift in Sources */,
				0239F2781C3602AE0008DEA4 /* NavigationFollowMeViewController.swift in Sources */,
				02D8CC2D1C3B418500D2106D /* DemoSettingItem.swift in Sources */,
				386F68561BF6BAA4003A8ED0 /* Extensions.swift in Sources */,
				0239F2541C338C740008DEA4 /* DJIAircraftAnnotation.swift in Sources */,
				0239F2411C3336500008DEA4 /* DJIAnnotationView.swift in Sources */,
				0239F2511C338C660008DEA4 /* DJIWaypointAnnotationView.swift in Sources */,
				02D8CC191C3B418500D2106D /* CameraPlaybackCommandViewController.swift in Sources */,
				0239F2821C3602AE0008DEA4 /* NavigationIOCViewController.swift in Sources */,
				02D8CC321C3B418500D2106D /* GimbalRotationInSpeedViewController.swift in Sources */,
				0239F2421C3336500008DEA4 /* DJIPOIAnnotationView.swift in Sources */,
				0239F27E1C3602AE0008DEA4 /* NavigationHotPointViewController.swift in Sources */,
				0271B3F51C3DF6900056DB2B /* FCActionsTableViewController.swift in Sources */,
				0264D40A1C40666D002313FE /* SleepModeViewController.swift in Sources */,
				02D8CC231C3B418500D2106D /* CameraPushInfoViewController.swift in Sources */,
				0239F1D51C332D400008DEA4 /* DJIStepsCollectionView.swift in Sources */,
				0239F2841C3602AE0008DEA4 /* JoyStickView.swift in Sources */,
			);
			runOnlyForDeploymentPostprocessing = 0;
		};
/* End PBXSourcesBuildPhase section */

/* Begin PBXTargetDependency section */
		F7BBFA211C9918D6003CE58E /* PBXTargetDependency */ = {
			isa = PBXTargetDependency;
			name = VideoPreviewer;
			targetProxy = F7BBFA201C9918D6003CE58E /* PBXContainerItemProxy */;
		};
/* End PBXTargetDependency section */

/* Begin PBXVariantGroup section */
		386F68391BF68B41003A8ED0 /* Main.storyboard */ = {
			isa = PBXVariantGroup;
			children = (
				386F683A1BF68B41003A8ED0 /* Base */,
			);
			name = Main.storyboard;
			sourceTree = "<group>";
		};
		386F683E1BF68B41003A8ED0 /* LaunchScreen.storyboard */ = {
			isa = PBXVariantGroup;
			children = (
				386F683F1BF68B41003A8ED0 /* Base */,
			);
			name = LaunchScreen.storyboard;
			sourceTree = "<group>";
		};
/* End PBXVariantGroup section */

/* Begin XCBuildConfiguration section */
		386F68421BF68B41003A8ED0 /* Debug */ = {
			isa = XCBuildConfiguration;
			buildSettings = {
				ALWAYS_SEARCH_USER_PATHS = NO;
				CLANG_CXX_LANGUAGE_STANDARD = "gnu++0x";
				CLANG_CXX_LIBRARY = "libc++";
				CLANG_ENABLE_MODULES = YES;
				CLANG_ENABLE_OBJC_ARC = YES;
				CLANG_WARN_BOOL_CONVERSION = YES;
				CLANG_WARN_CONSTANT_CONVERSION = YES;
				CLANG_WARN_DIRECT_OBJC_ISA_USAGE = YES_ERROR;
				CLANG_WARN_EMPTY_BODY = YES;
				CLANG_WARN_ENUM_CONVERSION = YES;
				CLANG_WARN_INT_CONVERSION = YES;
				CLANG_WARN_OBJC_ROOT_CLASS = YES_ERROR;
				CLANG_WARN_UNREACHABLE_CODE = YES;
				CLANG_WARN__DUPLICATE_METHOD_MATCH = YES;
				"CODE_SIGN_IDENTITY[sdk=iphoneos*]" = "iPhone Developer";
				COPY_PHASE_STRIP = NO;
				DEBUG_INFORMATION_FORMAT = dwarf;
				ENABLE_STRICT_OBJC_MSGSEND = YES;
				ENABLE_TESTABILITY = YES;
				GCC_C_LANGUAGE_STANDARD = gnu99;
				GCC_DYNAMIC_NO_PIC = NO;
				GCC_NO_COMMON_BLOCKS = YES;
				GCC_OPTIMIZATION_LEVEL = 0;
				GCC_PREPROCESSOR_DEFINITIONS = (
					"DEBUG=1",
					"$(inherited)",
				);
				GCC_WARN_64_TO_32_BIT_CONVERSION = YES;
				GCC_WARN_ABOUT_RETURN_TYPE = YES_ERROR;
				GCC_WARN_UNDECLARED_SELECTOR = YES;
				GCC_WARN_UNINITIALIZED_AUTOS = YES_AGGRESSIVE;
				GCC_WARN_UNUSED_FUNCTION = YES;
				GCC_WARN_UNUSED_VARIABLE = YES;
				IPHONEOS_DEPLOYMENT_TARGET = 9.1;
				MTL_ENABLE_DEBUG_INFO = YES;
				ONLY_ACTIVE_ARCH = YES;
				SDKROOT = iphoneos;
				SWIFT_OPTIMIZATION_LEVEL = "-Onone";
				TARGETED_DEVICE_FAMILY = "1,2";
			};
			name = Debug;
		};
		386F68431BF68B41003A8ED0 /* Release */ = {
			isa = XCBuildConfiguration;
			buildSettings = {
				ALWAYS_SEARCH_USER_PATHS = NO;
				CLANG_CXX_LANGUAGE_STANDARD = "gnu++0x";
				CLANG_CXX_LIBRARY = "libc++";
				CLANG_ENABLE_MODULES = YES;
				CLANG_ENABLE_OBJC_ARC = YES;
				CLANG_WARN_BOOL_CONVERSION = YES;
				CLANG_WARN_CONSTANT_CONVERSION = YES;
				CLANG_WARN_DIRECT_OBJC_ISA_USAGE = YES_ERROR;
				CLANG_WARN_EMPTY_BODY = YES;
				CLANG_WARN_ENUM_CONVERSION = YES;
				CLANG_WARN_INT_CONVERSION = YES;
				CLANG_WARN_OBJC_ROOT_CLASS = YES_ERROR;
				CLANG_WARN_UNREACHABLE_CODE = YES;
				CLANG_WARN__DUPLICATE_METHOD_MATCH = YES;
				"CODE_SIGN_IDENTITY[sdk=iphoneos*]" = "iPhone Developer";
				COPY_PHASE_STRIP = NO;
				DEBUG_INFORMATION_FORMAT = "dwarf-with-dsym";
				ENABLE_NS_ASSERTIONS = NO;
				ENABLE_STRICT_OBJC_MSGSEND = YES;
				GCC_C_LANGUAGE_STANDARD = gnu99;
				GCC_NO_COMMON_BLOCKS = YES;
				GCC_WARN_64_TO_32_BIT_CONVERSION = YES;
				GCC_WARN_ABOUT_RETURN_TYPE = YES_ERROR;
				GCC_WARN_UNDECLARED_SELECTOR = YES;
				GCC_WARN_UNINITIALIZED_AUTOS = YES_AGGRESSIVE;
				GCC_WARN_UNUSED_FUNCTION = YES;
				GCC_WARN_UNUSED_VARIABLE = YES;
				IPHONEOS_DEPLOYMENT_TARGET = 9.1;
				MTL_ENABLE_DEBUG_INFO = NO;
				SDKROOT = iphoneos;
				TARGETED_DEVICE_FAMILY = "1,2";
				VALIDATE_PRODUCT = YES;
			};
			name = Release;
		};
		386F68451BF68B41003A8ED0 /* Debug */ = {
			isa = XCBuildConfiguration;
			buildSettings = {
				ASSETCATALOG_COMPILER_APPICON_NAME = AppIcon;
				CLANG_ALLOW_NON_MODULAR_INCLUDES_IN_FRAMEWORK_MODULES = YES;
				ENABLE_BITCODE = NO;
				FRAMEWORK_SEARCH_PATHS = (
					"$(inherited)",
					"$(PROJECT_DIR)/..",
					"$(PROJECT_DIR)/../VideoPreviewer",
				);
				HEADER_SEARCH_PATHS = "";
				INFOPLIST_FILE = DJISDKSwiftDemo/Info.plist;
				IPHONEOS_DEPLOYMENT_TARGET = 8.4;
				LD_RUNPATH_SEARCH_PATHS = "$(inherited) @executable_path/Frameworks";
				LIBRARY_SEARCH_PATHS = "$(inherited)";
				PRODUCT_BUNDLE_IDENTIFIER = com.dji.swiftSample;
				PRODUCT_NAME = "$(TARGET_NAME)";
			};
			name = Debug;
		};
		386F68461BF68B41003A8ED0 /* Release */ = {
			isa = XCBuildConfiguration;
			buildSettings = {
				ASSETCATALOG_COMPILER_APPICON_NAME = AppIcon;
				CLANG_ALLOW_NON_MODULAR_INCLUDES_IN_FRAMEWORK_MODULES = YES;
				ENABLE_BITCODE = NO;
				FRAMEWORK_SEARCH_PATHS = (
					"$(inherited)",
					"$(PROJECT_DIR)/..",
					"$(PROJECT_DIR)/../VideoPreviewer",
				);
				HEADER_SEARCH_PATHS = "";
				INFOPLIST_FILE = DJISDKSwiftDemo/Info.plist;
				IPHONEOS_DEPLOYMENT_TARGET = 8.4;
				LD_RUNPATH_SEARCH_PATHS = "$(inherited) @executable_path/Frameworks";
				LIBRARY_SEARCH_PATHS = "$(inherited)";
				PRODUCT_BUNDLE_IDENTIFIER = com.dji.swiftSample;
				PRODUCT_NAME = "$(TARGET_NAME)";
			};
			name = Release;
		};
/* End XCBuildConfiguration section */

/* Begin XCConfigurationList section */
		386F682D1BF68B41003A8ED0 /* Build configuration list for PBXProject "DJISDKSwiftDemo" */ = {
			isa = XCConfigurationList;
			buildConfigurations = (
				386F68421BF68B41003A8ED0 /* Debug */,
				386F68431BF68B41003A8ED0 /* Release */,
			);
			defaultConfigurationIsVisible = 0;
			defaultConfigurationName = Release;
		};
		386F68441BF68B41003A8ED0 /* Build configuration list for PBXNativeTarget "DJISDKSwiftDemo" */ = {
			isa = XCConfigurationList;
			buildConfigurations = (
				386F68451BF68B41003A8ED0 /* Debug */,
				386F68461BF68B41003A8ED0 /* Release */,
			);
			defaultConfigurationIsVisible = 0;
			defaultConfigurationName = Release;
		};
/* End XCConfigurationList section */
	};
	rootObject = 386F682A1BF68B41003A8ED0 /* Project object */;
}
