// !$*UTF8*$!
{
	archiveVersion = 1;
	classes = {
	};
	objectVersion = 46;
	objects = {

/* Begin PBXBuildFile section */
		02532EA41C6477290056CB55 /* LB2AUDHackParser.h in Headers */ = {isa = PBXBuildFile; fileRef = 02532EA21C6477290056CB55 /* LB2AUDHackParser.h */; settings = {ATTRIBUTES = (Public, ); }; };
		02532EA51C64772A0056CB55 /* LB2AUDHackParser.m in Sources */ = {isa = PBXBuildFile; fileRef = 02532EA31C6477290056CB55 /* LB2AUDHackParser.m */; };
		02532EA91C64795C0056CB55 /* DJISDK.framework in Frameworks */ = {isa = PBXBuildFile; fileRef = 02532EA81C64795C0056CB55 /* DJISDK.framework */; };
		02EE50431C3D9B5A006783E5 /* MovieGLView.h in Headers */ = {isa = PBXBuildFile; fileRef = 02EE4FD31C3D9B55006783E5 /* MovieGLView.h */; settings = {ATTRIBUTES = (Public, ); }; };
		02EE50441C3D9B5B006783E5 /* MovieGLView.m in Sources */ = {isa = PBXBuildFile; fileRef = 02EE4FD41C3D9B55006783E5 /* MovieGLView.m */; };
		02EE50451C3D9B5B006783E5 /* VideoFrameExtractor.h in Headers */ = {isa = PBXBuildFile; fileRef = 02EE4FD51C3D9B55006783E5 /* VideoFrameExtractor.h */; settings = {ATTRIBUTES = (Public, ); }; };
		02EE50461C3D9B5B006783E5 /* VideoFrameExtractor.m in Sources */ = {isa = PBXBuildFile; fileRef = 02EE4FD61C3D9B55006783E5 /* VideoFrameExtractor.m */; };
		02EE50471C3D9B5B006783E5 /* VideoPreviewer.h in Headers */ = {isa = PBXBuildFile; fileRef = 02EE4FD71C3D9B55006783E5 /* VideoPreviewer.h */; settings = {ATTRIBUTES = (Public, ); }; };
		02EE50481C3D9B5B006783E5 /* VideoPreviewer.m in Sources */ = {isa = PBXBuildFile; fileRef = 02EE4FD81C3D9B55006783E5 /* VideoPreviewer.m */; };
		02EE504A1C3D9BC3006783E5 /* CoreMedia.framework in Frameworks */ = {isa = PBXBuildFile; fileRef = 02EE50491C3D9BC3006783E5 /* CoreMedia.framework */; };
		02EE504C1C3D9F36006783E5 /* VideoToolbox.framework in Frameworks */ = {isa = PBXBuildFile; fileRef = 02EE504B1C3D9F36006783E5 /* VideoToolbox.framework */; };
		02EE50651C3DA525006783E5 /* libz.tbd in Frameworks */ = {isa = PBXBuildFile; fileRef = 02EE50641C3DA525006783E5 /* libz.tbd */; };
		02EE51AF1C3DA767006783E5 /* libDJIVTH264Decoder.a in Frameworks */ = {isa = PBXBuildFile; fileRef = 02EE51AD1C3DA766006783E5 /* libDJIVTH264Decoder.a */; };
		B82893291C98674300CCBD3B /* DJIStreamCommon.h in Headers */ = {isa = PBXBuildFile; fileRef = B82893271C98674300CCBD3B /* DJIStreamCommon.h */; settings = {ATTRIBUTES = (Public, ); }; };
		B828932A1C98674300CCBD3B /* H264VTDecode.h in Headers */ = {isa = PBXBuildFile; fileRef = B82893281C98674300CCBD3B /* H264VTDecode.h */; settings = {ATTRIBUTES = (Public, ); }; };
		B828932F1C9867AB00CCBD3B /* SoftwareDecodeProcessor.h in Headers */ = {isa = PBXBuildFile; fileRef = B828932B1C9867AB00CCBD3B /* SoftwareDecodeProcessor.h */; settings = {ATTRIBUTES = (Public, ); }; };
		B82893301C9867AB00CCBD3B /* SoftwareDecodeProcessor.m in Sources */ = {isa = PBXBuildFile; fileRef = B828932C1C9867AB00CCBD3B /* SoftwareDecodeProcessor.m */; };
		B82893311C9867AB00CCBD3B /* VideoPreviewerQueue.h in Headers */ = {isa = PBXBuildFile; fileRef = B828932D1C9867AB00CCBD3B /* VideoPreviewerQueue.h */; settings = {ATTRIBUTES = (Public, ); }; };
		B82893321C9867AB00CCBD3B /* VideoPreviewerQueue.m in Sources */ = {isa = PBXBuildFile; fileRef = B828932E1C9867AB00CCBD3B /* VideoPreviewerQueue.m */; };
		B89750AF1C65945F00815416 /* libavcodec.a in Frameworks */ = {isa = PBXBuildFile; fileRef = B89750AC1C65945F00815416 /* libavcodec.a */; };
		B89750B01C65945F00815416 /* libavformat.a in Frameworks */ = {isa = PBXBuildFile; fileRef = B89750AD1C65945F00815416 /* libavformat.a */; };
		B89750B11C65945F00815416 /* libavutil.a in Frameworks */ = {isa = PBXBuildFile; fileRef = B89750AE1C65945F00815416 /* libavutil.a */; };
/* End PBXBuildFile section */

/* Begin PBXFileReference section */
		02532EA21C6477290056CB55 /* LB2AUDHackParser.h */ = {isa = PBXFileReference; fileEncoding = 4; lastKnownFileType = sourcecode.c.h; name = LB2AUDHackParser.h; path = VideoPreviewer/Lb2AUDHack/LB2AUDHackParser.h; sourceTree = "<group>"; };
		02532EA31C6477290056CB55 /* LB2AUDHackParser.m */ = {isa = PBXFileReference; fileEncoding = 4; lastKnownFileType = sourcecode.c.objc; name = LB2AUDHackParser.m; path = VideoPreviewer/Lb2AUDHack/LB2AUDHackParser.m; sourceTree = "<group>"; };
		02532EA81C64795C0056CB55 /* DJISDK.framework */ = {isa = PBXFileReference; lastKnownFileType = wrapper.framework; path = DJISDK.framework; sourceTree = "<group>"; };
		02A543FD1C3C51CB0083C11B /* VideoPreviewer.framework */ = {isa = PBXFileReference; explicitFileType = wrapper.framework; includeInIndex = 0; path = VideoPreviewer.framework; sourceTree = BUILT_PRODUCTS_DIR; };
		02EE4FD21C3D9B55006783E5 /* Info.plist */ = {isa = PBXFileReference; fileEncoding = 4; lastKnownFileType = text.plist.xml; name = Info.plist; path = VideoPreviewer/Info.plist; sourceTree = "<group>"; };
		02EE4FD31C3D9B55006783E5 /* MovieGLView.h */ = {isa = PBXFileReference; fileEncoding = 4; lastKnownFileType = sourcecode.c.h; name = MovieGLView.h; path = VideoPreviewer/MovieGLView.h; sourceTree = "<group>"; };
		02EE4FD41C3D9B55006783E5 /* MovieGLView.m */ = {isa = PBXFileReference; fileEncoding = 4; lastKnownFileType = sourcecode.c.objc; name = MovieGLView.m; path = VideoPreviewer/MovieGLView.m; sourceTree = "<group>"; };
		02EE4FD51C3D9B55006783E5 /* VideoFrameExtractor.h */ = {isa = PBXFileReference; fileEncoding = 4; lastKnownFileType = sourcecode.c.h; name = VideoFrameExtractor.h; path = VideoPreviewer/VideoFrameExtractor.h; sourceTree = "<group>"; };
		02EE4FD61C3D9B55006783E5 /* VideoFrameExtractor.m */ = {isa = PBXFileReference; fileEncoding = 4; lastKnownFileType = sourcecode.c.objc; name = VideoFrameExtractor.m; path = VideoPreviewer/VideoFrameExtractor.m; sourceTree = "<group>"; };
		02EE4FD71C3D9B55006783E5 /* VideoPreviewer.h */ = {isa = PBXFileReference; fileEncoding = 4; lastKnownFileType = sourcecode.c.h; name = VideoPreviewer.h; path = VideoPreviewer/VideoPreviewer.h; sourceTree = "<group>"; };
		02EE4FD81C3D9B55006783E5 /* VideoPreviewer.m */ = {isa = PBXFileReference; fileEncoding = 4; lastKnownFileType = sourcecode.c.objc; name = VideoPreviewer.m; path = VideoPreviewer/VideoPreviewer.m; sourceTree = "<group>"; };
		02EE50491C3D9BC3006783E5 /* CoreMedia.framework */ = {isa = PBXFileReference; lastKnownFileType = wrapper.framework; name = CoreMedia.framework; path = System/Library/Frameworks/CoreMedia.framework; sourceTree = SDKROOT; };
		02EE504B1C3D9F36006783E5 /* VideoToolbox.framework */ = {isa = PBXFileReference; lastKnownFileType = wrapper.framework; name = VideoToolbox.framework; path = System/Library/Frameworks/VideoToolbox.framework; sourceTree = SDKROOT; };
		02EE50641C3DA525006783E5 /* libz.tbd */ = {isa = PBXFileReference; lastKnownFileType = "sourcecode.text-based-dylib-definition"; name = libz.tbd; path = usr/lib/libz.tbd; sourceTree = SDKROOT; };
		02EE51AD1C3DA766006783E5 /* libDJIVTH264Decoder.a */ = {isa = PBXFileReference; lastKnownFileType = archive.ar; path = libDJIVTH264Decoder.a; sourceTree = "<group>"; };
		B82893271C98674300CCBD3B /* DJIStreamCommon.h */ = {isa = PBXFileReference; fileEncoding = 4; lastKnownFileType = sourcecode.c.h; path = DJIStreamCommon.h; sourceTree = "<group>"; };
		B82893281C98674300CCBD3B /* H264VTDecode.h */ = {isa = PBXFileReference; fileEncoding = 4; lastKnownFileType = sourcecode.c.h; path = H264VTDecode.h; sourceTree = "<group>"; };
		B828932B1C9867AB00CCBD3B /* SoftwareDecodeProcessor.h */ = {isa = PBXFileReference; fileEncoding = 4; lastKnownFileType = sourcecode.c.h; name = SoftwareDecodeProcessor.h; path = VideoPreviewer/SoftwareDecodeProcessor.h; sourceTree = "<group>"; };
		B828932C1C9867AB00CCBD3B /* SoftwareDecodeProcessor.m */ = {isa = PBXFileReference; fileEncoding = 4; lastKnownFileType = sourcecode.c.objc; name = SoftwareDecodeProcessor.m; path = VideoPreviewer/SoftwareDecodeProcessor.m; sourceTree = "<group>"; };
		B828932D1C9867AB00CCBD3B /* VideoPreviewerQueue.h */ = {isa = PBXFileReference; fileEncoding = 4; lastKnownFileType = sourcecode.c.h; name = VideoPreviewerQueue.h; path = VideoPreviewer/VideoPreviewerQueue.h; sourceTree = "<group>"; };
		B828932E1C9867AB00CCBD3B /* VideoPreviewerQueue.m */ = {isa = PBXFileReference; fileEncoding = 4; lastKnownFileType = sourcecode.c.objc; name = VideoPreviewerQueue.m; path = VideoPreviewer/VideoPreviewerQueue.m; sourceTree = "<group>"; };
		B89750AC1C65945F00815416 /* libavcodec.a */ = {isa = PBXFileReference; lastKnownFileType = archive.ar; name = libavcodec.a; path = VideoPreviewer/ffmpeg/lib/libavcodec.a; sourceTree = "<group>"; };
		B89750AD1C65945F00815416 /* libavformat.a */ = {isa = PBXFileReference; lastKnownFileType = archive.ar; name = libavformat.a; path = VideoPreviewer/ffmpeg/lib/libavformat.a; sourceTree = "<group>"; };
		B89750AE1C65945F00815416 /* libavutil.a */ = {isa = PBXFileReference; lastKnownFileType = archive.ar; name = libavutil.a; path = VideoPreviewer/ffmpeg/lib/libavutil.a; sourceTree = "<group>"; };
/* End PBXFileReference section */

/* Begin PBXFrameworksBuildPhase section */
		02A543F91C3C51CB0083C11B /* Frameworks */ = {
			isa = PBXFrameworksBuildPhase;
			buildActionMask = 2147483647;
			files = (
				B89750AF1C65945F00815416 /* libavcodec.a in Frameworks */,
				B89750B01C65945F00815416 /* libavformat.a in Frameworks */,
				B89750B11C65945F00815416 /* libavutil.a in Frameworks */,
				02532EA91C64795C0056CB55 /* DJISDK.framework in Frameworks */,
				02EE51AF1C3DA767006783E5 /* libDJIVTH264Decoder.a in Frameworks */,
				02EE50651C3DA525006783E5 /* libz.tbd in Frameworks */,
				02EE504C1C3D9F36006783E5 /* VideoToolbox.framework in Frameworks */,
				02EE504A1C3D9BC3006783E5 /* CoreMedia.framework in Frameworks */,
			);
			runOnlyForDeploymentPostprocessing = 0;
		};
/* End PBXFrameworksBuildPhase section */

/* Begin PBXGroup section */
		02A543F31C3C51CB0083C11B = {
			isa = PBXGroup;
			children = (
				B828932B1C9867AB00CCBD3B /* SoftwareDecodeProcessor.h */,
				B828932C1C9867AB00CCBD3B /* SoftwareDecodeProcessor.m */,
				B828932D1C9867AB00CCBD3B /* VideoPreviewerQueue.h */,
				B828932E1C9867AB00CCBD3B /* VideoPreviewerQueue.m */,
				02532EA21C6477290056CB55 /* LB2AUDHackParser.h */,
				02532EA31C6477290056CB55 /* LB2AUDHackParser.m */,
				02EE4FD21C3D9B55006783E5 /* Info.plist */,
				02EE4FD31C3D9B55006783E5 /* MovieGLView.h */,
				02EE4FD41C3D9B55006783E5 /* MovieGLView.m */,
				02EE4FD51C3D9B55006783E5 /* VideoFrameExtractor.h */,
				02EE4FD61C3D9B55006783E5 /* VideoFrameExtractor.m */,
				02EE4FD71C3D9B55006783E5 /* VideoPreviewer.h */,
				02EE4FD81C3D9B55006783E5 /* VideoPreviewer.m */,
				02EE51A91C3DA766006783E5 /* DJIH264Decoder */,
				02EE504F1C3DA40A006783E5 /* libs */,
				02A543FE1C3C51CB0083C11B /* Products */,
			);
			sourceTree = "<group>";
		};
		02A543FE1C3C51CB0083C11B /* Products */ = {
			isa = PBXGroup;
			children = (
				02A543FD1C3C51CB0083C11B /* VideoPreviewer.framework */,
			);
			name = Products;
			sourceTree = "<group>";
		};
		02EE504F1C3DA40A006783E5 /* libs */ = {
			isa = PBXGroup;
			children = (
				B89750AC1C65945F00815416 /* libavcodec.a */,
				B89750AD1C65945F00815416 /* libavformat.a */,
				B89750AE1C65945F00815416 /* libavutil.a */,
				02EE50641C3DA525006783E5 /* libz.tbd */,
				02532EA81C64795C0056CB55 /* DJISDK.framework */,
				02EE504B1C3D9F36006783E5 /* VideoToolbox.framework */,
				02EE50491C3D9BC3006783E5 /* CoreMedia.framework */,
			);
			name = libs;
			sourceTree = "<group>";
		};
		02EE51A91C3DA766006783E5 /* DJIH264Decoder */ = {
			isa = PBXGroup;
			children = (
				02EE51AA1C3DA766006783E5 /* include */,
				02EE51AC1C3DA766006783E5 /* lib */,
			);
			name = DJIH264Decoder;
			path = VideoPreviewer/DJIH264Decoder;
			sourceTree = "<group>";
		};
		02EE51AA1C3DA766006783E5 /* include */ = {
			isa = PBXGroup;
			children = (
				B82893271C98674300CCBD3B /* DJIStreamCommon.h */,
				B82893281C98674300CCBD3B /* H264VTDecode.h */,
			);
			path = include;
			sourceTree = "<group>";
		};
		02EE51AC1C3DA766006783E5 /* lib */ = {
			isa = PBXGroup;
			children = (
				02EE51AD1C3DA766006783E5 /* libDJIVTH264Decoder.a */,
			);
			path = lib;
			sourceTree = "<group>";
		};
/* End PBXGroup section */

/* Begin PBXHeadersBuildPhase section */
		02A543FA1C3C51CB0083C11B /* Headers */ = {
			isa = PBXHeadersBuildPhase;
			buildActionMask = 2147483647;
			files = (
				B82893311C9867AB00CCBD3B /* VideoPreviewerQueue.h in Headers */,
				02EE50451C3D9B5B006783E5 /* VideoFrameExtractor.h in Headers */,
				B828932F1C9867AB00CCBD3B /* SoftwareDecodeProcessor.h in Headers */,
				02532EA41C6477290056CB55 /* LB2AUDHackParser.h in Headers */,
				B82893291C98674300CCBD3B /* DJIStreamCommon.h in Headers */,
				B828932A1C98674300CCBD3B /* H264VTDecode.h in Headers */,
				02EE50431C3D9B5A006783E5 /* MovieGLView.h in Headers */,
				02EE50471C3D9B5B006783E5 /* VideoPreviewer.h in Headers */,
			);
			runOnlyForDeploymentPostprocessing = 0;
		};
/* End PBXHeadersBuildPhase section */

/* Begin PBXNativeTarget section */
		02A543FC1C3C51CB0083C11B /* VideoPreviewer */ = {
			isa = PBXNativeTarget;
			buildConfigurationList = 02A544051C3C51CB0083C11B /* Build configuration list for PBXNativeTarget "VideoPreviewer" */;
			buildPhases = (
				02A543F81C3C51CB0083C11B /* Sources */,
				02A543F91C3C51CB0083C11B /* Frameworks */,
				02A543FA1C3C51CB0083C11B /* Headers */,
				02A543FB1C3C51CB0083C11B /* Resources */,
			);
			buildRules = (
			);
			dependencies = (
			);
			name = VideoPreviewer;
			productName = VideoPreviewer;
			productReference = 02A543FD1C3C51CB0083C11B /* VideoPreviewer.framework */;
			productType = "com.apple.product-type.framework";
		};
/* End PBXNativeTarget section */

/* Begin PBXProject section */
		02A543F41C3C51CB0083C11B /* Project object */ = {
			isa = PBXProject;
			attributes = {
				LastUpgradeCheck = 0720;
				ORGANIZATIONNAME = dji;
				TargetAttributes = {
					02A543FC1C3C51CB0083C11B = {
						CreatedOnToolsVersion = 7.2;
					};
				};
			};
			buildConfigurationList = 02A543F71C3C51CB0083C11B /* Build configuration list for PBXProject "VideoPreviewer" */;
			compatibilityVersion = "Xcode 3.2";
			developmentRegion = English;
			hasScannedForEncodings = 0;
			knownRegions = (
				en,
			);
			mainGroup = 02A543F31C3C51CB0083C11B;
			productRefGroup = 02A543FE1C3C51CB0083C11B /* Products */;
			projectDirPath = "";
			projectRoot = "";
			targets = (
				02A543FC1C3C51CB0083C11B /* VideoPreviewer */,
			);
		};
/* End PBXProject section */

/* Begin PBXResourcesBuildPhase section */
		02A543FB1C3C51CB0083C11B /* Resources */ = {
			isa = PBXResourcesBuildPhase;
			buildActionMask = 2147483647;
			files = (
			);
			runOnlyForDeploymentPostprocessing = 0;
		};
/* End PBXResourcesBuildPhase section */

/* Begin PBXSourcesBuildPhase section */
		02A543F81C3C51CB0083C11B /* Sources */ = {
			isa = PBXSourcesBuildPhase;
			buildActionMask = 2147483647;
			files = (
				02EE50461C3D9B5B006783E5 /* VideoFrameExtractor.m in Sources */,
				B82893301C9867AB00CCBD3B /* SoftwareDecodeProcessor.m in Sources */,
				02EE50441C3D9B5B006783E5 /* MovieGLView.m in Sources */,
				B82893321C9867AB00CCBD3B /* VideoPreviewerQueue.m in Sources */,
				02532EA51C64772A0056CB55 /* LB2AUDHackParser.m in Sources */,
				02EE50481C3D9B5B006783E5 /* VideoPreviewer.m in Sources */,
			);
			runOnlyForDeploymentPostprocessing = 0;
		};
/* End PBXSourcesBuildPhase section */

/* Begin XCBuildConfiguration section */
		02A544031C3C51CB0083C11B /* Debug */ = {
			isa = XCBuildConfiguration;
			buildSettings = {
				ALWAYS_SEARCH_USER_PATHS = NO;
				CLANG_CXX_LANGUAGE_STANDARD = "gnu++0x";
				CLANG_CXX_LIBRARY = "libc++";
				CLANG_ENABLE_MODULES = YES;
				CLANG_ENABLE_OBJC_ARC = YES;
				CLANG_WARN_BOOL_CONVERSION = YES;
				CLANG_WARN_CONSTANT_CONVERSION = YES;
				CLANG_WARN_DIRECT_OBJC_ISA_USAGE = YES_ERROR;
				CLANG_WARN_EMPTY_BODY = YES;
				CLANG_WARN_ENUM_CONVERSION = YES;
				CLANG_WARN_INT_CONVERSION = YES;
				CLANG_WARN_OBJC_ROOT_CLASS = YES_ERROR;
				CLANG_WARN_UNREACHABLE_CODE = YES;
				CLANG_WARN__DUPLICATE_METHOD_MATCH = YES;
				"CODE_SIGN_IDENTITY[sdk=iphoneos*]" = "iPhone Developer";
				COPY_PHASE_STRIP = NO;
				CURRENT_PROJECT_VERSION = 1;
				DEBUG_INFORMATION_FORMAT = dwarf;
				ENABLE_STRICT_OBJC_MSGSEND = YES;
				ENABLE_TESTABILITY = YES;
				GCC_C_LANGUAGE_STANDARD = gnu99;
				GCC_DYNAMIC_NO_PIC = NO;
				GCC_NO_COMMON_BLOCKS = YES;
				GCC_OPTIMIZATION_LEVEL = 0;
				GCC_PREPROCESSOR_DEFINITIONS = (
					"DEBUG=1",
					"$(inherited)",
				);
				GCC_WARN_64_TO_32_BIT_CONVERSION = YES;
				GCC_WARN_ABOUT_RETURN_TYPE = YES_ERROR;
				GCC_WARN_UNDECLARED_SELECTOR = YES;
				GCC_WARN_UNINITIALIZED_AUTOS = YES_AGGRESSIVE;
				GCC_WARN_UNUSED_FUNCTION = YES;
				GCC_WARN_UNUSED_VARIABLE = YES;
				IPHONEOS_DEPLOYMENT_TARGET = 9.2;
				MTL_ENABLE_DEBUG_INFO = YES;
				ONLY_ACTIVE_ARCH = YES;
				SDKROOT = iphoneos;
				TARGETED_DEVICE_FAMILY = "1,2";
				VERSIONING_SYSTEM = "apple-generic";
				VERSION_INFO_PREFIX = "";
			};
			name = Debug;
		};
		02A544041C3C51CB0083C11B /* Release */ = {
			isa = XCBuildConfiguration;
			buildSettings = {
				ALWAYS_SEARCH_USER_PATHS = NO;
				CLANG_CXX_LANGUAGE_STANDARD = "gnu++0x";
				CLANG_CXX_LIBRARY = "libc++";
				CLANG_ENABLE_MODULES = YES;
				CLANG_ENABLE_OBJC_ARC = YES;
				CLANG_WARN_BOOL_CONVERSION = YES;
				CLANG_WARN_CONSTANT_CONVERSION = YES;
				CLANG_WARN_DIRECT_OBJC_ISA_USAGE = YES_ERROR;
				CLANG_WARN_EMPTY_BODY = YES;
				CLANG_WARN_ENUM_CONVERSION = YES;
				CLANG_WARN_INT_CONVERSION = YES;
				CLANG_WARN_OBJC_ROOT_CLASS = YES_ERROR;
				CLANG_WARN_UNREACHABLE_CODE = YES;
				CLANG_WARN__DUPLICATE_METHOD_MATCH = YES;
				"CODE_SIGN_IDENTITY[sdk=iphoneos*]" = "iPhone Developer";
				COPY_PHASE_STRIP = NO;
				CURRENT_PROJECT_VERSION = 1;
				DEBUG_INFORMATION_FORMAT = "dwarf-with-dsym";
				ENABLE_NS_ASSERTIONS = NO;
				ENABLE_STRICT_OBJC_MSGSEND = YES;
				GCC_C_LANGUAGE_STANDARD = gnu99;
				GCC_NO_COMMON_BLOCKS = YES;
				GCC_WARN_64_TO_32_BIT_CONVERSION = YES;
				GCC_WARN_ABOUT_RETURN_TYPE = YES_ERROR;
				GCC_WARN_UNDECLARED_SELECTOR = YES;
				GCC_WARN_UNINITIALIZED_AUTOS = YES_AGGRESSIVE;
				GCC_WARN_UNUSED_FUNCTION = YES;
				GCC_WARN_UNUSED_VARIABLE = YES;
				IPHONEOS_DEPLOYMENT_TARGET = 9.2;
				MTL_ENABLE_DEBUG_INFO = NO;
				SDKROOT = iphoneos;
				TARGETED_DEVICE_FAMILY = "1,2";
				VALIDATE_PRODUCT = YES;
				VERSIONING_SYSTEM = "apple-generic";
				VERSION_INFO_PREFIX = "";
			};
			name = Release;
		};
		02A544061C3C51CB0083C11B /* Debug */ = {
			isa = XCBuildConfiguration;
			buildSettings = {
				ALWAYS_SEARCH_USER_PATHS = YES;
				CLANG_ALLOW_NON_MODULAR_INCLUDES_IN_FRAMEWORK_MODULES = YES;
				DEFINES_MODULE = YES;
				DYLIB_COMPATIBILITY_VERSION = 1;
				DYLIB_CURRENT_VERSION = 1;
				DYLIB_INSTALL_NAME_BASE = "@rpath";
				ENABLE_BITCODE = NO;
				FRAMEWORK_SEARCH_PATHS = (
					"$(PROJECT_DIR)/..",
					"$(PROJECT_DIR)",
				);
				HEADER_SEARCH_PATHS = (
					"$(PROJECT_DIR)/VideoPreviewer/ffmpeg/include",
					"$(PROJECT_DIR)/VideoPreviewer/DJIH264Decoder/include",
				);
				INFOPLIST_FILE = VideoPreviewer/Info.plist;
				INSTALL_PATH = "$(LOCAL_LIBRARY_DIR)/Frameworks";
				LD_RUNPATH_SEARCH_PATHS = "$(inherited) @executable_path/Frameworks @loader_path/Frameworks";
				LIBRARY_SEARCH_PATHS = (
					"$(inherited)",
					"$(PROJECT_DIR)/VideoPreviewer/DJIH264Decoder/lib",
					"$(PROJECT_DIR)/VideoPreviewer/ffmpeg/lib",
				);
				ONLY_ACTIVE_ARCH = NO;
				OTHER_LDFLAGS = (
					"-read_only_relocs",
					suppress,
				);
				PRODUCT_BUNDLE_IDENTIFIER = Dji.com.VideoPreviewer;
				PRODUCT_NAME = "$(TARGET_NAME)";
				SKIP_INSTALL = YES;
			};
			name = Debug;
		};
		02A544071C3C51CB0083C11B /* Release */ = {
			isa = XCBuildConfiguration;
			buildSettings = {
				ALWAYS_SEARCH_USER_PATHS = YES;
				CLANG_ALLOW_NON_MODULAR_INCLUDES_IN_FRAMEWORK_MODULES = YES;
				DEFINES_MODULE = YES;
				DYLIB_COMPATIBILITY_VERSION = 1;
				DYLIB_CURRENT_VERSION = 1;
				DYLIB_INSTALL_NAME_BASE = "@rpath";
				ENABLE_BITCODE = NO;
				FRAMEWORK_SEARCH_PATHS = (
					"$(PROJECT_DIR)/..",
					"$(PROJECT_DIR)",
				);
				HEADER_SEARCH_PATHS = (
					"$(PROJECT_DIR)/VideoPreviewer/ffmpeg/include",
					"$(PROJECT_DIR)/VideoPreviewer/DJIH264Decoder/include",
				);
				INFOPLIST_FILE = VideoPreviewer/Info.plist;
				INSTALL_PATH = "$(LOCAL_LIBRARY_DIR)/Frameworks";
				LD_RUNPATH_SEARCH_PATHS = "$(inherited) @executable_path/Frameworks @loader_path/Frameworks $(PROJECT_DIR)/lib/$(CONFIGURATION)";
				LIBRARY_SEARCH_PATHS = (
					"$(inherited)",
					"$(PROJECT_DIR)/VideoPreviewer/DJIH264Decoder/lib",
					"$(PROJECT_DIR)/VideoPreviewer/ffmpeg/lib",
				);
				OTHER_LDFLAGS = (
					"-read_only_relocs",
					suppress,
				);
				PRODUCT_BUNDLE_IDENTIFIER = Dji.com.VideoPreviewer;
				PRODUCT_NAME = "$(TARGET_NAME)";
				SKIP_INSTALL = YES;
			};
			name = Release;
		};
/* End XCBuildConfiguration section */

/* Begin XCConfigurationList section */
		02A543F71C3C51CB0083C11B /* Build configuration list for PBXProject "VideoPreviewer" */ = {
			isa = XCConfigurationList;
			buildConfigurations = (
				02A544031C3C51CB0083C11B /* Debug */,
				02A544041C3C51CB0083C11B /* Release */,
			);
			defaultConfigurationIsVisible = 0;
			defaultConfigurationName = Release;
		};
		02A544051C3C51CB0083C11B /* Build configuration list for PBXNativeTarget "VideoPreviewer" */ = {
			isa = XCConfigurationList;
			buildConfigurations = (
				02A544061C3C51CB0083C11B /* Debug */,
				02A544071C3C51CB0083C11B /* Release */,
			);
			defaultConfigurationIsVisible = 0;
			defaultConfigurationName = Release;
		};
/* End XCConfigurationList section */
	};
	rootObject = 02A543F41C3C51CB0083C11B /* Project object */;
}
